// !$*UTF8*$!
{
	archiveVersion = 1;
	classes = {
	};
	objectVersion = 56;
	objects = {

/* Begin PBXBuildFile section */
		291F50FE2B77206F000771BE /* LoadSalonFromCacheUseCaseTests.swift in Sources */ = {isa = PBXBuildFile; fileRef = 291F50FD2B77206F000771BE /* LoadSalonFromCacheUseCaseTests.swift */; };
		291F51012B7BC90F000771BE /* LocalSalonItem.swift in Sources */ = {isa = PBXBuildFile; fileRef = 291F51002B7BC90F000771BE /* LocalSalonItem.swift */; };
		291F51032B7BC984000771BE /* LocalSalonLoader.swift in Sources */ = {isa = PBXBuildFile; fileRef = 291F51022B7BC984000771BE /* LocalSalonLoader.swift */; };
		291F51052B7BC9AF000771BE /* SalonStore.swift in Sources */ = {isa = PBXBuildFile; fileRef = 291F51042B7BC9AF000771BE /* SalonStore.swift */; };
		291F51072B7BC9D2000771BE /* SalonCachePolicy.swift in Sources */ = {isa = PBXBuildFile; fileRef = 291F51062B7BC9D2000771BE /* SalonCachePolicy.swift */; };
		291F51092B7BCABA000771BE /* SalonStoreSpy.swift in Sources */ = {isa = PBXBuildFile; fileRef = 291F51082B7BCABA000771BE /* SalonStoreSpy.swift */; };
		293CE0582C40ED14003FA8C0 /* SalonRowView.swift in Sources */ = {isa = PBXBuildFile; fileRef = 293CE0572C40ED14003FA8C0 /* SalonRowView.swift */; };
		293CE05A2C412A89003FA8C0 /* PreviewHelper.swift in Sources */ = {isa = PBXBuildFile; fileRef = 293CE0592C412A89003FA8C0 /* PreviewHelper.swift */; };
		293CE0662C42B4F7003FA8C0 /* XCTestCase+Snapshot.swift in Sources */ = {isa = PBXBuildFile; fileRef = 293CE0652C42B4F7003FA8C0 /* XCTestCase+Snapshot.swift */; };
		293CE0682C42B621003FA8C0 /* UIViewController+Snapshot.swift in Sources */ = {isa = PBXBuildFile; fileRef = 293CE0672C42B621003FA8C0 /* UIViewController+Snapshot.swift */; };
		293CE06A2C436DFA003FA8C0 /* SalonListSnapshotTests.swift in Sources */ = {isa = PBXBuildFile; fileRef = 293CE0692C436DFA003FA8C0 /* SalonListSnapshotTests.swift */; };
		296576852B5CDD36005ECB8B /* RemoteSalonLoader.swift in Sources */ = {isa = PBXBuildFile; fileRef = 296576842B5CDD36005ECB8B /* RemoteSalonLoader.swift */; };
		296576872B615163005ECB8B /* HTTPClient.swift in Sources */ = {isa = PBXBuildFile; fileRef = 296576862B615162005ECB8B /* HTTPClient.swift */; };
		296576892B641001005ECB8B /* SalonMapper.swift in Sources */ = {isa = PBXBuildFile; fileRef = 296576882B641001005ECB8B /* SalonMapper.swift */; };
		296576942B66A74E005ECB8B /* URLSessionHttpClientTests.swift in Sources */ = {isa = PBXBuildFile; fileRef = 296576932B66A74E005ECB8B /* URLSessionHttpClientTests.swift */; };
		296576972B66A7D7005ECB8B /* URLProtocolStub.swift in Sources */ = {isa = PBXBuildFile; fileRef = 296576962B66A7D7005ECB8B /* URLProtocolStub.swift */; };
		296576992B6815A8005ECB8B /* TestHelpers.swift in Sources */ = {isa = PBXBuildFile; fileRef = 296576982B6815A8005ECB8B /* TestHelpers.swift */; };
		2965769B2B681675005ECB8B /* XCTestCase+MemoryLeakTracking.swift in Sources */ = {isa = PBXBuildFile; fileRef = 2965769A2B681675005ECB8B /* XCTestCase+MemoryLeakTracking.swift */; };
		2965769D2B6BC9D5005ECB8B /* URLSessionHTTPClient.swift in Sources */ = {isa = PBXBuildFile; fileRef = 2965769C2B6BC9D5005ECB8B /* URLSessionHTTPClient.swift */; };
		296576A52B6E5F7D005ECB8B /* NovaBlendSalonAPIEndToEndTests.swift in Sources */ = {isa = PBXBuildFile; fileRef = 296576A42B6E5F7D005ECB8B /* NovaBlendSalonAPIEndToEndTests.swift */; };
		296576A62B6E5F7D005ECB8B /* NovaBlendSalon.framework in Frameworks */ = {isa = PBXBuildFile; fileRef = 29BDDD9E2B5C016F0026D484 /* NovaBlendSalon.framework */; };
		296576AD2B6FCCC0005ECB8B /* XCTestCase+MemoryLeakTracking.swift in Sources */ = {isa = PBXBuildFile; fileRef = 2965769A2B681675005ECB8B /* XCTestCase+MemoryLeakTracking.swift */; };
		2988560F2C29AB28009BB335 /* SwiftDataSalonStoreTests.swift in Sources */ = {isa = PBXBuildFile; fileRef = 2988560E2C29AB28009BB335 /* SwiftDataSalonStoreTests.swift */; };
		298856132C2AEA81009BB335 /* SwiftDataSalonStore.swift in Sources */ = {isa = PBXBuildFile; fileRef = 298856122C2AEA81009BB335 /* SwiftDataSalonStore.swift */; };
		298856152C2AF2A2009BB335 /* ManagedSalonItem.swift in Sources */ = {isa = PBXBuildFile; fileRef = 298856142C2AF2A2009BB335 /* ManagedSalonItem.swift */; };
		298CEDA42CDC99A30051B714 /* SalonAppointmentCache.swift in Sources */ = {isa = PBXBuildFile; fileRef = 298CEDA32CDC99A30051B714 /* SalonAppointmentCache.swift */; };
		298CEDA72CDC9AC00051B714 /* AppointmentStore.swift in Sources */ = {isa = PBXBuildFile; fileRef = 298CEDA62CDC9AC00051B714 /* AppointmentStore.swift */; };
		298CEDA92CDC9BA10051B714 /* LocalAppointmentLoader.swift in Sources */ = {isa = PBXBuildFile; fileRef = 298CEDA82CDC9BA10051B714 /* LocalAppointmentLoader.swift */; };
		298CEDAC2CDCA2410051B714 /* AppointmentStoreSpy.swift in Sources */ = {isa = PBXBuildFile; fileRef = 298CEDAB2CDCA2410051B714 /* AppointmentStoreSpy.swift */; };
		298CEDAE2CDCB6BA0051B714 /* LocalSalonAppointment.swift in Sources */ = {isa = PBXBuildFile; fileRef = 298CEDAD2CDCB6BA0051B714 /* LocalSalonAppointment.swift */; };
		2994DB102CE341D900BD265C /* LoadAppointmentsFromCacheUseCaseTests.swift in Sources */ = {isa = PBXBuildFile; fileRef = 2994DB0F2CE341D900BD265C /* LoadAppointmentsFromCacheUseCaseTests.swift */; };
		2994DB122CE37D7E00BD265C /* AppointmentCacheTestHelpers.swift in Sources */ = {isa = PBXBuildFile; fileRef = 2994DB112CE37D7E00BD265C /* AppointmentCacheTestHelpers.swift */; };
		29B503A02C2DA38A000A53A9 /* NovaBlendSalonCacheIntegrationTests.swift in Sources */ = {isa = PBXBuildFile; fileRef = 29B5039F2C2DA38A000A53A9 /* NovaBlendSalonCacheIntegrationTests.swift */; };
		29B503A12C2DA38A000A53A9 /* NovaBlendSalon.framework in Frameworks */ = {isa = PBXBuildFile; fileRef = 29BDDD9E2B5C016F0026D484 /* NovaBlendSalon.framework */; };
		29B503A72C2EB1C7000A53A9 /* XCTestCase+MemoryLeakTracking.swift in Sources */ = {isa = PBXBuildFile; fileRef = 2965769A2B681675005ECB8B /* XCTestCase+MemoryLeakTracking.swift */; };
		29B503A82C2EB495000A53A9 /* SalonCacheTestHelpers.swift in Sources */ = {isa = PBXBuildFile; fileRef = 29EDA0AA2B81CA8600764219 /* SalonCacheTestHelpers.swift */; };
		29B503D22C370054000A53A9 /* NovaBlendSalonView.framework in Frameworks */ = {isa = PBXBuildFile; fileRef = 29B503CA2C370054000A53A9 /* NovaBlendSalonView.framework */; };
		29B503E12C370280000A53A9 /* SalonListView.swift in Sources */ = {isa = PBXBuildFile; fileRef = 29B503E02C370280000A53A9 /* SalonListView.swift */; };
		29B6B0182B9F61D00013C3AB /* SalonCache.swift in Sources */ = {isa = PBXBuildFile; fileRef = 29B6B0172B9F61D00013C3AB /* SalonCache.swift */; };
		29BDDDA72B5C016F0026D484 /* NovaBlendSalon.framework in Frameworks */ = {isa = PBXBuildFile; fileRef = 29BDDD9E2B5C016F0026D484 /* NovaBlendSalon.framework */; };
		29BDDDAC2B5C016F0026D484 /* LoadSalonFromRemoteUseCaseTests.swift in Sources */ = {isa = PBXBuildFile; fileRef = 29BDDDAB2B5C016F0026D484 /* LoadSalonFromRemoteUseCaseTests.swift */; };
		29BDDDB82B5C01E20026D484 /* Salon.swift in Sources */ = {isa = PBXBuildFile; fileRef = 29BDDDB72B5C01E20026D484 /* Salon.swift */; };
		29BDDDBA2B5C03760026D484 /* SalonLoader.swift in Sources */ = {isa = PBXBuildFile; fileRef = 29BDDDB92B5C03760026D484 /* SalonLoader.swift */; };
		29CEFD282C690EB300AC4FEB /* SALON_LIST_WITH_CONTENT_dark.png in Resources */ = {isa = PBXBuildFile; fileRef = 29CEFD242C690EB300AC4FEB /* SALON_LIST_WITH_CONTENT_dark.png */; };
		29CEFD292C690EB300AC4FEB /* SALON_LIST_WITH_CONTENT_light_extraExtraExtraLarge.png in Resources */ = {isa = PBXBuildFile; fileRef = 29CEFD252C690EB300AC4FEB /* SALON_LIST_WITH_CONTENT_light_extraExtraExtraLarge.png */; };
		29CEFD2A2C690EB300AC4FEB /* SALON_LIST_WITH_CONTENT_light.png in Resources */ = {isa = PBXBuildFile; fileRef = 29CEFD262C690EB300AC4FEB /* SALON_LIST_WITH_CONTENT_light.png */; };
		29CEFDB52C7DB75600AC4FEB /* BookAppointmentUseCaseTests.swift in Sources */ = {isa = PBXBuildFile; fileRef = 29CEFDB42C7DB75600AC4FEB /* BookAppointmentUseCaseTests.swift */; };
		29D70FD72C7F2565006C83B3 /* HTTPClientSpy.swift in Sources */ = {isa = PBXBuildFile; fileRef = 29D70FD62C7F2565006C83B3 /* HTTPClientSpy.swift */; };
		29D70FDC2C7F3490006C83B3 /* RemoteAppointmentBooker.swift in Sources */ = {isa = PBXBuildFile; fileRef = 29D70FDB2C7F3490006C83B3 /* RemoteAppointmentBooker.swift */; };
		29D70FE02C7F73EB006C83B3 /* SalonAppointment.swift in Sources */ = {isa = PBXBuildFile; fileRef = 29D70FDF2C7F73EB006C83B3 /* SalonAppointment.swift */; };
		29D70FE22C82023D006C83B3 /* RemoteAppointmentMapper.swift in Sources */ = {isa = PBXBuildFile; fileRef = 29D70FE12C82023D006C83B3 /* RemoteAppointmentMapper.swift */; };
		29D70FE42C8202CB006C83B3 /* SalonAppointmentBooker.swift in Sources */ = {isa = PBXBuildFile; fileRef = 29D70FE32C8202CB006C83B3 /* SalonAppointmentBooker.swift */; };
		29D70FE82C8C928A006C83B3 /* CacheAppointmentUseCaseTests.swift in Sources */ = {isa = PBXBuildFile; fileRef = 29D70FE72C8C928A006C83B3 /* CacheAppointmentUseCaseTests.swift */; };
		29E5F0932C370A570006E985 /* SalonListViewModel.swift in Sources */ = {isa = PBXBuildFile; fileRef = 29E5F0922C370A570006E985 /* SalonListViewModel.swift */; };
		29E5F09B2C3EB6250006E985 /* NovaBlendSalon.framework in Frameworks */ = {isa = PBXBuildFile; fileRef = 29BDDD9E2B5C016F0026D484 /* NovaBlendSalon.framework */; };
		29E5F0A12C3EB7810006E985 /* SalonListViewModelAdapterTests.swift in Sources */ = {isa = PBXBuildFile; fileRef = 29E5F0A02C3EB7810006E985 /* SalonListViewModelAdapterTests.swift */; };
		29E5F0A32C3FA1650006E985 /* TimeFormatterTests.swift in Sources */ = {isa = PBXBuildFile; fileRef = 29E5F0A22C3FA1650006E985 /* TimeFormatterTests.swift */; };
		29E5F0A62C3FA5520006E985 /* TimeFormatter.swift in Sources */ = {isa = PBXBuildFile; fileRef = 29E5F0A52C3FA5520006E985 /* TimeFormatter.swift */; };
		29E5F0A82C3FA72F0006E985 /* SalonListViewModelAdapter.swift in Sources */ = {isa = PBXBuildFile; fileRef = 29E5F0A72C3FA72F0006E985 /* SalonListViewModelAdapter.swift */; };
		29EDA0A92B7FC39F00764219 /* CacheSalonUseCaseTests.swift in Sources */ = {isa = PBXBuildFile; fileRef = 29EDA0A82B7FC39F00764219 /* CacheSalonUseCaseTests.swift */; };
		29EDA0AB2B81CA8600764219 /* SalonCacheTestHelpers.swift in Sources */ = {isa = PBXBuildFile; fileRef = 29EDA0AA2B81CA8600764219 /* SalonCacheTestHelpers.swift */; };
		29EDA0AD2B89CA1400764219 /* ValidateSalonFromCacheUseCaseTests.swift in Sources */ = {isa = PBXBuildFile; fileRef = 29EDA0AC2B89CA1400764219 /* ValidateSalonFromCacheUseCaseTests.swift */; };
		29EE6A4B2C2BF293000D9C51 /* ManagedCache.swift in Sources */ = {isa = PBXBuildFile; fileRef = 29EE6A4A2C2BF293000D9C51 /* ManagedCache.swift */; };
/* End PBXBuildFile section */

/* Begin PBXContainerItemProxy section */
		296576A72B6E5F7D005ECB8B /* PBXContainerItemProxy */ = {
			isa = PBXContainerItemProxy;
			containerPortal = 29BDDD952B5C016F0026D484 /* Project object */;
			proxyType = 1;
			remoteGlobalIDString = 29BDDD9D2B5C016F0026D484;
			remoteInfo = NovaBlendSalon;
		};
		29B503A22C2DA38A000A53A9 /* PBXContainerItemProxy */ = {
			isa = PBXContainerItemProxy;
			containerPortal = 29BDDD952B5C016F0026D484 /* Project object */;
			proxyType = 1;
			remoteGlobalIDString = 29BDDD9D2B5C016F0026D484;
			remoteInfo = NovaBlendSalon;
		};
		29B503D32C370054000A53A9 /* PBXContainerItemProxy */ = {
			isa = PBXContainerItemProxy;
			containerPortal = 29BDDD952B5C016F0026D484 /* Project object */;
			proxyType = 1;
			remoteGlobalIDString = 29B503C92C370054000A53A9;
			remoteInfo = NovaBlendSalonUI;
		};
		29BDDDA82B5C016F0026D484 /* PBXContainerItemProxy */ = {
			isa = PBXContainerItemProxy;
			containerPortal = 29BDDD952B5C016F0026D484 /* Project object */;
			proxyType = 1;
			remoteGlobalIDString = 29BDDD9D2B5C016F0026D484;
			remoteInfo = NovaBlendSalon;
		};
		29E5F09D2C3EB6250006E985 /* PBXContainerItemProxy */ = {
			isa = PBXContainerItemProxy;
			containerPortal = 29BDDD952B5C016F0026D484 /* Project object */;
			proxyType = 1;
			remoteGlobalIDString = 29BDDD9D2B5C016F0026D484;
			remoteInfo = NovaBlendSalon;
		};
/* End PBXContainerItemProxy section */

/* Begin PBXFileReference section */
		291F50FA2B73E9A0000771BE /* CI_macOS.xctestplan */ = {isa = PBXFileReference; lastKnownFileType = text; path = CI_macOS.xctestplan; sourceTree = "<group>"; };
		291F50FD2B77206F000771BE /* LoadSalonFromCacheUseCaseTests.swift */ = {isa = PBXFileReference; lastKnownFileType = sourcecode.swift; path = LoadSalonFromCacheUseCaseTests.swift; sourceTree = "<group>"; };
		291F51002B7BC90F000771BE /* LocalSalonItem.swift */ = {isa = PBXFileReference; lastKnownFileType = sourcecode.swift; path = LocalSalonItem.swift; sourceTree = "<group>"; };
		291F51022B7BC984000771BE /* LocalSalonLoader.swift */ = {isa = PBXFileReference; lastKnownFileType = sourcecode.swift; path = LocalSalonLoader.swift; sourceTree = "<group>"; };
		291F51042B7BC9AF000771BE /* SalonStore.swift */ = {isa = PBXFileReference; lastKnownFileType = sourcecode.swift; path = SalonStore.swift; sourceTree = "<group>"; };
		291F51062B7BC9D2000771BE /* SalonCachePolicy.swift */ = {isa = PBXFileReference; lastKnownFileType = sourcecode.swift; path = SalonCachePolicy.swift; sourceTree = "<group>"; };
		291F51082B7BCABA000771BE /* SalonStoreSpy.swift */ = {isa = PBXFileReference; lastKnownFileType = sourcecode.swift; path = SalonStoreSpy.swift; sourceTree = "<group>"; };
		293CE0572C40ED14003FA8C0 /* SalonRowView.swift */ = {isa = PBXFileReference; lastKnownFileType = sourcecode.swift; path = SalonRowView.swift; sourceTree = "<group>"; };
		293CE0592C412A89003FA8C0 /* PreviewHelper.swift */ = {isa = PBXFileReference; lastKnownFileType = sourcecode.swift; path = PreviewHelper.swift; sourceTree = "<group>"; };
		293CE0652C42B4F7003FA8C0 /* XCTestCase+Snapshot.swift */ = {isa = PBXFileReference; lastKnownFileType = sourcecode.swift; path = "XCTestCase+Snapshot.swift"; sourceTree = "<group>"; };
		293CE0672C42B621003FA8C0 /* UIViewController+Snapshot.swift */ = {isa = PBXFileReference; lastKnownFileType = sourcecode.swift; path = "UIViewController+Snapshot.swift"; sourceTree = "<group>"; };
		293CE0692C436DFA003FA8C0 /* SalonListSnapshotTests.swift */ = {isa = PBXFileReference; fileEncoding = 4; lastKnownFileType = sourcecode.swift; path = SalonListSnapshotTests.swift; sourceTree = "<group>"; };
		293CE06B2C450446003FA8C0 /* CI_iOS.xctestplan */ = {isa = PBXFileReference; lastKnownFileType = text; path = CI_iOS.xctestplan; sourceTree = "<group>"; };
		296576842B5CDD36005ECB8B /* RemoteSalonLoader.swift */ = {isa = PBXFileReference; lastKnownFileType = sourcecode.swift; path = RemoteSalonLoader.swift; sourceTree = "<group>"; };
		296576862B615162005ECB8B /* HTTPClient.swift */ = {isa = PBXFileReference; lastKnownFileType = sourcecode.swift; path = HTTPClient.swift; sourceTree = "<group>"; };
		296576882B641001005ECB8B /* SalonMapper.swift */ = {isa = PBXFileReference; lastKnownFileType = sourcecode.swift; path = SalonMapper.swift; sourceTree = "<group>"; };
		296576932B66A74E005ECB8B /* URLSessionHttpClientTests.swift */ = {isa = PBXFileReference; lastKnownFileType = sourcecode.swift; path = URLSessionHttpClientTests.swift; sourceTree = "<group>"; };
		296576962B66A7D7005ECB8B /* URLProtocolStub.swift */ = {isa = PBXFileReference; lastKnownFileType = sourcecode.swift; path = URLProtocolStub.swift; sourceTree = "<group>"; };
		296576982B6815A8005ECB8B /* TestHelpers.swift */ = {isa = PBXFileReference; lastKnownFileType = sourcecode.swift; path = TestHelpers.swift; sourceTree = "<group>"; };
		2965769A2B681675005ECB8B /* XCTestCase+MemoryLeakTracking.swift */ = {isa = PBXFileReference; lastKnownFileType = sourcecode.swift; path = "XCTestCase+MemoryLeakTracking.swift"; sourceTree = "<group>"; };
		2965769C2B6BC9D5005ECB8B /* URLSessionHTTPClient.swift */ = {isa = PBXFileReference; lastKnownFileType = sourcecode.swift; path = URLSessionHTTPClient.swift; sourceTree = "<group>"; };
		296576A22B6E5F7D005ECB8B /* NovaBlendSalonAPIEndToEndTests.xctest */ = {isa = PBXFileReference; explicitFileType = wrapper.cfbundle; includeInIndex = 0; path = NovaBlendSalonAPIEndToEndTests.xctest; sourceTree = BUILT_PRODUCTS_DIR; };
		296576A42B6E5F7D005ECB8B /* NovaBlendSalonAPIEndToEndTests.swift */ = {isa = PBXFileReference; lastKnownFileType = sourcecode.swift; path = NovaBlendSalonAPIEndToEndTests.swift; sourceTree = "<group>"; };
		2988560E2C29AB28009BB335 /* SwiftDataSalonStoreTests.swift */ = {isa = PBXFileReference; lastKnownFileType = sourcecode.swift; path = SwiftDataSalonStoreTests.swift; sourceTree = "<group>"; };
		298856122C2AEA81009BB335 /* SwiftDataSalonStore.swift */ = {isa = PBXFileReference; lastKnownFileType = sourcecode.swift; path = SwiftDataSalonStore.swift; sourceTree = "<group>"; };
		298856142C2AF2A2009BB335 /* ManagedSalonItem.swift */ = {isa = PBXFileReference; lastKnownFileType = sourcecode.swift; path = ManagedSalonItem.swift; sourceTree = "<group>"; };
		298CEDA32CDC99A30051B714 /* SalonAppointmentCache.swift */ = {isa = PBXFileReference; lastKnownFileType = sourcecode.swift; path = SalonAppointmentCache.swift; sourceTree = "<group>"; };
		298CEDA62CDC9AC00051B714 /* AppointmentStore.swift */ = {isa = PBXFileReference; lastKnownFileType = sourcecode.swift; path = AppointmentStore.swift; sourceTree = "<group>"; };
		298CEDA82CDC9BA10051B714 /* LocalAppointmentLoader.swift */ = {isa = PBXFileReference; lastKnownFileType = sourcecode.swift; path = LocalAppointmentLoader.swift; sourceTree = "<group>"; };
		298CEDAB2CDCA2410051B714 /* AppointmentStoreSpy.swift */ = {isa = PBXFileReference; lastKnownFileType = sourcecode.swift; path = AppointmentStoreSpy.swift; sourceTree = "<group>"; };
		298CEDAD2CDCB6BA0051B714 /* LocalSalonAppointment.swift */ = {isa = PBXFileReference; lastKnownFileType = sourcecode.swift; path = LocalSalonAppointment.swift; sourceTree = "<group>"; };
		2994DB0F2CE341D900BD265C /* LoadAppointmentsFromCacheUseCaseTests.swift */ = {isa = PBXFileReference; lastKnownFileType = sourcecode.swift; path = LoadAppointmentsFromCacheUseCaseTests.swift; sourceTree = "<group>"; };
		2994DB112CE37D7E00BD265C /* AppointmentCacheTestHelpers.swift */ = {isa = PBXFileReference; lastKnownFileType = sourcecode.swift; path = AppointmentCacheTestHelpers.swift; sourceTree = "<group>"; };
		29B5039D2C2DA38A000A53A9 /* NovaBlendSalonCacheIntegrationTests.xctest */ = {isa = PBXFileReference; explicitFileType = wrapper.cfbundle; includeInIndex = 0; path = NovaBlendSalonCacheIntegrationTests.xctest; sourceTree = BUILT_PRODUCTS_DIR; };
		29B5039F2C2DA38A000A53A9 /* NovaBlendSalonCacheIntegrationTests.swift */ = {isa = PBXFileReference; lastKnownFileType = sourcecode.swift; path = NovaBlendSalonCacheIntegrationTests.swift; sourceTree = "<group>"; };
		29B503CA2C370054000A53A9 /* NovaBlendSalonView.framework */ = {isa = PBXFileReference; explicitFileType = wrapper.framework; includeInIndex = 0; path = NovaBlendSalonView.framework; sourceTree = BUILT_PRODUCTS_DIR; };
		29B503D12C370054000A53A9 /* NovaBlendSalonViewTests.xctest */ = {isa = PBXFileReference; explicitFileType = wrapper.cfbundle; includeInIndex = 0; path = NovaBlendSalonViewTests.xctest; sourceTree = BUILT_PRODUCTS_DIR; };
		29B503E02C370280000A53A9 /* SalonListView.swift */ = {isa = PBXFileReference; lastKnownFileType = sourcecode.swift; path = SalonListView.swift; sourceTree = "<group>"; };
		29B6B0172B9F61D00013C3AB /* SalonCache.swift */ = {isa = PBXFileReference; lastKnownFileType = sourcecode.swift; path = SalonCache.swift; sourceTree = "<group>"; };
		29BDDD9E2B5C016F0026D484 /* NovaBlendSalon.framework */ = {isa = PBXFileReference; explicitFileType = wrapper.framework; includeInIndex = 0; path = NovaBlendSalon.framework; sourceTree = BUILT_PRODUCTS_DIR; };
		29BDDDA62B5C016F0026D484 /* NovaBlendSalonTests.xctest */ = {isa = PBXFileReference; explicitFileType = wrapper.cfbundle; includeInIndex = 0; path = NovaBlendSalonTests.xctest; sourceTree = BUILT_PRODUCTS_DIR; };
		29BDDDAB2B5C016F0026D484 /* LoadSalonFromRemoteUseCaseTests.swift */ = {isa = PBXFileReference; lastKnownFileType = sourcecode.swift; path = LoadSalonFromRemoteUseCaseTests.swift; sourceTree = "<group>"; };
		29BDDDB72B5C01E20026D484 /* Salon.swift */ = {isa = PBXFileReference; lastKnownFileType = sourcecode.swift; path = Salon.swift; sourceTree = "<group>"; };
		29BDDDB92B5C03760026D484 /* SalonLoader.swift */ = {isa = PBXFileReference; lastKnownFileType = sourcecode.swift; path = SalonLoader.swift; sourceTree = "<group>"; };
		29CEFD242C690EB300AC4FEB /* SALON_LIST_WITH_CONTENT_dark.png */ = {isa = PBXFileReference; lastKnownFileType = image.png; path = SALON_LIST_WITH_CONTENT_dark.png; sourceTree = "<group>"; };
		29CEFD252C690EB300AC4FEB /* SALON_LIST_WITH_CONTENT_light_extraExtraExtraLarge.png */ = {isa = PBXFileReference; lastKnownFileType = image.png; path = SALON_LIST_WITH_CONTENT_light_extraExtraExtraLarge.png; sourceTree = "<group>"; };
		29CEFD262C690EB300AC4FEB /* SALON_LIST_WITH_CONTENT_light.png */ = {isa = PBXFileReference; lastKnownFileType = image.png; path = SALON_LIST_WITH_CONTENT_light.png; sourceTree = "<group>"; };
		29CEFDB42C7DB75600AC4FEB /* BookAppointmentUseCaseTests.swift */ = {isa = PBXFileReference; lastKnownFileType = sourcecode.swift; path = BookAppointmentUseCaseTests.swift; sourceTree = "<group>"; };
		29D70FD62C7F2565006C83B3 /* HTTPClientSpy.swift */ = {isa = PBXFileReference; lastKnownFileType = sourcecode.swift; path = HTTPClientSpy.swift; sourceTree = "<group>"; };
		29D70FDB2C7F3490006C83B3 /* RemoteAppointmentBooker.swift */ = {isa = PBXFileReference; lastKnownFileType = sourcecode.swift; path = RemoteAppointmentBooker.swift; sourceTree = "<group>"; };
		29D70FDF2C7F73EB006C83B3 /* SalonAppointment.swift */ = {isa = PBXFileReference; lastKnownFileType = sourcecode.swift; path = SalonAppointment.swift; sourceTree = "<group>"; };
		29D70FE12C82023D006C83B3 /* RemoteAppointmentMapper.swift */ = {isa = PBXFileReference; lastKnownFileType = sourcecode.swift; path = RemoteAppointmentMapper.swift; sourceTree = "<group>"; };
		29D70FE32C8202CB006C83B3 /* SalonAppointmentBooker.swift */ = {isa = PBXFileReference; lastKnownFileType = sourcecode.swift; path = SalonAppointmentBooker.swift; sourceTree = "<group>"; };
		29D70FE72C8C928A006C83B3 /* CacheAppointmentUseCaseTests.swift */ = {isa = PBXFileReference; lastKnownFileType = sourcecode.swift; path = CacheAppointmentUseCaseTests.swift; sourceTree = "<group>"; };
		29E5F0922C370A570006E985 /* SalonListViewModel.swift */ = {isa = PBXFileReference; lastKnownFileType = sourcecode.swift; path = SalonListViewModel.swift; sourceTree = "<group>"; };
		29E5F0A02C3EB7810006E985 /* SalonListViewModelAdapterTests.swift */ = {isa = PBXFileReference; lastKnownFileType = sourcecode.swift; path = SalonListViewModelAdapterTests.swift; sourceTree = "<group>"; };
		29E5F0A22C3FA1650006E985 /* TimeFormatterTests.swift */ = {isa = PBXFileReference; lastKnownFileType = sourcecode.swift; path = TimeFormatterTests.swift; sourceTree = "<group>"; };
		29E5F0A52C3FA5520006E985 /* TimeFormatter.swift */ = {isa = PBXFileReference; lastKnownFileType = sourcecode.swift; path = TimeFormatter.swift; sourceTree = "<group>"; };
		29E5F0A72C3FA72F0006E985 /* SalonListViewModelAdapter.swift */ = {isa = PBXFileReference; lastKnownFileType = sourcecode.swift; path = SalonListViewModelAdapter.swift; sourceTree = "<group>"; };
		29EDA0A82B7FC39F00764219 /* CacheSalonUseCaseTests.swift */ = {isa = PBXFileReference; lastKnownFileType = sourcecode.swift; path = CacheSalonUseCaseTests.swift; sourceTree = "<group>"; };
		29EDA0AA2B81CA8600764219 /* SalonCacheTestHelpers.swift */ = {isa = PBXFileReference; lastKnownFileType = sourcecode.swift; path = SalonCacheTestHelpers.swift; sourceTree = "<group>"; };
		29EDA0AC2B89CA1400764219 /* ValidateSalonFromCacheUseCaseTests.swift */ = {isa = PBXFileReference; lastKnownFileType = sourcecode.swift; path = ValidateSalonFromCacheUseCaseTests.swift; sourceTree = "<group>"; };
		29EE6A4A2C2BF293000D9C51 /* ManagedCache.swift */ = {isa = PBXFileReference; lastKnownFileType = sourcecode.swift; path = ManagedCache.swift; sourceTree = "<group>"; };
/* End PBXFileReference section */

/* Begin PBXFrameworksBuildPhase section */
		2965769F2B6E5F7D005ECB8B /* Frameworks */ = {
			isa = PBXFrameworksBuildPhase;
			buildActionMask = 2147483647;
			files = (
				296576A62B6E5F7D005ECB8B /* NovaBlendSalon.framework in Frameworks */,
			);
			runOnlyForDeploymentPostprocessing = 0;
		};
		29B5039A2C2DA38A000A53A9 /* Frameworks */ = {
			isa = PBXFrameworksBuildPhase;
			buildActionMask = 2147483647;
			files = (
				29B503A12C2DA38A000A53A9 /* NovaBlendSalon.framework in Frameworks */,
			);
			runOnlyForDeploymentPostprocessing = 0;
		};
		29B503C72C370054000A53A9 /* Frameworks */ = {
			isa = PBXFrameworksBuildPhase;
			buildActionMask = 2147483647;
			files = (
				29E5F09B2C3EB6250006E985 /* NovaBlendSalon.framework in Frameworks */,
			);
			runOnlyForDeploymentPostprocessing = 0;
		};
		29B503CE2C370054000A53A9 /* Frameworks */ = {
			isa = PBXFrameworksBuildPhase;
			buildActionMask = 2147483647;
			files = (
				29B503D22C370054000A53A9 /* NovaBlendSalonView.framework in Frameworks */,
			);
			runOnlyForDeploymentPostprocessing = 0;
		};
		29BDDD9B2B5C016F0026D484 /* Frameworks */ = {
			isa = PBXFrameworksBuildPhase;
			buildActionMask = 2147483647;
			files = (
			);
			runOnlyForDeploymentPostprocessing = 0;
		};
		29BDDDA32B5C016F0026D484 /* Frameworks */ = {
			isa = PBXFrameworksBuildPhase;
			buildActionMask = 2147483647;
			files = (
				29BDDDA72B5C016F0026D484 /* NovaBlendSalon.framework in Frameworks */,
			);
			runOnlyForDeploymentPostprocessing = 0;
		};
/* End PBXFrameworksBuildPhase section */

/* Begin PBXGroup section */
		291F50FC2B771FF4000771BE /* Salon Cache */ = {
			isa = PBXGroup;
			children = (
				29B6B01A2BA20F520013C3AB /* Helpers */,
				291F50FD2B77206F000771BE /* LoadSalonFromCacheUseCaseTests.swift */,
				29EDA0A82B7FC39F00764219 /* CacheSalonUseCaseTests.swift */,
				29EDA0AC2B89CA1400764219 /* ValidateSalonFromCacheUseCaseTests.swift */,
				2988560E2C29AB28009BB335 /* SwiftDataSalonStoreTests.swift */,
			);
			path = "Salon Cache";
			sourceTree = "<group>";
		};
		291F50FF2B7BC8F0000771BE /* Salon Cache */ = {
			isa = PBXGroup;
			children = (
				298856102C2AE9BA009BB335 /* Infrastructure */,
				291F51002B7BC90F000771BE /* LocalSalonItem.swift */,
				291F51022B7BC984000771BE /* LocalSalonLoader.swift */,
				291F51042B7BC9AF000771BE /* SalonStore.swift */,
				291F51062B7BC9D2000771BE /* SalonCachePolicy.swift */,
			);
			path = "Salon Cache";
			sourceTree = "<group>";
		};
		293CE0642C42B4E8003FA8C0 /* Helpers */ = {
			isa = PBXGroup;
			children = (
				293CE0652C42B4F7003FA8C0 /* XCTestCase+Snapshot.swift */,
				293CE0672C42B621003FA8C0 /* UIViewController+Snapshot.swift */,
			);
			path = Helpers;
			sourceTree = "<group>";
		};
		296576832B5CDD24005ECB8B /* Salon API */ = {
			isa = PBXGroup;
			children = (
				296576842B5CDD36005ECB8B /* RemoteSalonLoader.swift */,
				296576882B641001005ECB8B /* SalonMapper.swift */,
			);
			path = "Salon API";
			sourceTree = "<group>";
		};
		296576902B66A6B8005ECB8B /* Salon API */ = {
			isa = PBXGroup;
			children = (
				29BDDDAB2B5C016F0026D484 /* LoadSalonFromRemoteUseCaseTests.swift */,
			);
			path = "Salon API";
			sourceTree = "<group>";
		};
		296576952B66A7CD005ECB8B /* Helpers */ = {
			isa = PBXGroup;
			children = (
				296576962B66A7D7005ECB8B /* URLProtocolStub.swift */,
				296576982B6815A8005ECB8B /* TestHelpers.swift */,
			);
			path = Helpers;
			sourceTree = "<group>";
		};
		296576A32B6E5F7D005ECB8B /* NovaBlendSalonAPIEndToEndTests */ = {
			isa = PBXGroup;
			children = (
				296576A42B6E5F7D005ECB8B /* NovaBlendSalonAPIEndToEndTests.swift */,
			);
			path = NovaBlendSalonAPIEndToEndTests;
			sourceTree = "<group>";
		};
		296576AC2B6FCC90005ECB8B /* Helpers */ = {
			isa = PBXGroup;
			children = (
				2965769A2B681675005ECB8B /* XCTestCase+MemoryLeakTracking.swift */,
				29EDA0AA2B81CA8600764219 /* SalonCacheTestHelpers.swift */,
				29D70FD62C7F2565006C83B3 /* HTTPClientSpy.swift */,
			);
			path = Helpers;
			sourceTree = "<group>";
		};
		298856102C2AE9BA009BB335 /* Infrastructure */ = {
			isa = PBXGroup;
			children = (
				298856112C2AE9C4009BB335 /* SwiftData */,
			);
			path = Infrastructure;
			sourceTree = "<group>";
		};
		298856112C2AE9C4009BB335 /* SwiftData */ = {
			isa = PBXGroup;
			children = (
				298856122C2AEA81009BB335 /* SwiftDataSalonStore.swift */,
				298856142C2AF2A2009BB335 /* ManagedSalonItem.swift */,
				29EE6A4A2C2BF293000D9C51 /* ManagedCache.swift */,
			);
			path = SwiftData;
			sourceTree = "<group>";
		};
		298CEDA52CDC9A9E0051B714 /* Appointment Cache */ = {
			isa = PBXGroup;
			children = (
				298CEDAD2CDCB6BA0051B714 /* LocalSalonAppointment.swift */,
				298CEDA82CDC9BA10051B714 /* LocalAppointmentLoader.swift */,
				298CEDA62CDC9AC00051B714 /* AppointmentStore.swift */,
			);
			path = "Appointment Cache";
			sourceTree = "<group>";
		};
		298CEDAA2CDCA2390051B714 /* Helpers */ = {
			isa = PBXGroup;
			children = (
				298CEDAB2CDCA2410051B714 /* AppointmentStoreSpy.swift */,
				2994DB112CE37D7E00BD265C /* AppointmentCacheTestHelpers.swift */,
			);
			path = Helpers;
			sourceTree = "<group>";
		};
		29B5039E2C2DA38A000A53A9 /* NovaBlendSalonCacheIntegrationTests */ = {
			isa = PBXGroup;
			children = (
				29B5039F2C2DA38A000A53A9 /* NovaBlendSalonCacheIntegrationTests.swift */,
			);
			path = NovaBlendSalonCacheIntegrationTests;
			sourceTree = "<group>";
		};
		29B503CB2C370054000A53A9 /* NovaBlendSalonView */ = {
			isa = PBXGroup;
			children = (
				29B503DF2C37022D000A53A9 /* Salon View */,
			);
			path = NovaBlendSalonView;
			sourceTree = "<group>";
		};
		29B503D52C370054000A53A9 /* NovaBlendSalonViewTests */ = {
			isa = PBXGroup;
			children = (
				293CE0642C42B4E8003FA8C0 /* Helpers */,
				29CEFD272C690EB300AC4FEB /* snapshots */,
				29E5F0A02C3EB7810006E985 /* SalonListViewModelAdapterTests.swift */,
				29E5F0A22C3FA1650006E985 /* TimeFormatterTests.swift */,
				293CE0692C436DFA003FA8C0 /* SalonListSnapshotTests.swift */,
			);
			path = NovaBlendSalonViewTests;
			sourceTree = "<group>";
		};
		29B503DF2C37022D000A53A9 /* Salon View */ = {
			isa = PBXGroup;
			children = (
				29E5F0A42C3FA53E0006E985 /* Helpers */,
				29B503E02C370280000A53A9 /* SalonListView.swift */,
				29E5F0922C370A570006E985 /* SalonListViewModel.swift */,
				29E5F0A72C3FA72F0006E985 /* SalonListViewModelAdapter.swift */,
				293CE0572C40ED14003FA8C0 /* SalonRowView.swift */,
			);
			path = "Salon View";
			sourceTree = "<group>";
		};
		29B6B01A2BA20F520013C3AB /* Helpers */ = {
			isa = PBXGroup;
			children = (
				291F51082B7BCABA000771BE /* SalonStoreSpy.swift */,
			);
			path = Helpers;
			sourceTree = "<group>";
		};
		29BDDD942B5C016F0026D484 = {
			isa = PBXGroup;
			children = (
				293CE06B2C450446003FA8C0 /* CI_iOS.xctestplan */,
				291F50FA2B73E9A0000771BE /* CI_macOS.xctestplan */,
				29BDDDA02B5C016F0026D484 /* NovaBlendSalon */,
				29BDDDAA2B5C016F0026D484 /* NovaBlendSalonTests */,
				296576A32B6E5F7D005ECB8B /* NovaBlendSalonAPIEndToEndTests */,
				29B5039E2C2DA38A000A53A9 /* NovaBlendSalonCacheIntegrationTests */,
				29B503CB2C370054000A53A9 /* NovaBlendSalonView */,
				29B503D52C370054000A53A9 /* NovaBlendSalonViewTests */,
				29BDDD9F2B5C016F0026D484 /* Products */,
				29E5F09A2C3EB6250006E985 /* Frameworks */,
			);
			sourceTree = "<group>";
		};
		29BDDD9F2B5C016F0026D484 /* Products */ = {
			isa = PBXGroup;
			children = (
				29BDDD9E2B5C016F0026D484 /* NovaBlendSalon.framework */,
				29BDDDA62B5C016F0026D484 /* NovaBlendSalonTests.xctest */,
				296576A22B6E5F7D005ECB8B /* NovaBlendSalonAPIEndToEndTests.xctest */,
				29B5039D2C2DA38A000A53A9 /* NovaBlendSalonCacheIntegrationTests.xctest */,
				29B503CA2C370054000A53A9 /* NovaBlendSalonView.framework */,
				29B503D12C370054000A53A9 /* NovaBlendSalonViewTests.xctest */,
			);
			name = Products;
			sourceTree = "<group>";
		};
		29BDDDA02B5C016F0026D484 /* NovaBlendSalon */ = {
			isa = PBXGroup;
			children = (
				29D70FDD2C7F3580006C83B3 /* Shared API */,
				29D70FDE2C7F35D3006C83B3 /* Shared API Infra */,
				29BDDDB62B5C01B60026D484 /* Salon Feature */,
				296576832B5CDD24005ECB8B /* Salon API */,
				291F50FF2B7BC8F0000771BE /* Salon Cache */,
				29D70FE52C8203C4006C83B3 /* Appointment Feature */,
				29D70FDA2C7F3475006C83B3 /* Appointment API */,
				298CEDA52CDC9A9E0051B714 /* Appointment Cache */,
			);
			path = NovaBlendSalon;
			sourceTree = "<group>";
		};
		29BDDDAA2B5C016F0026D484 /* NovaBlendSalonTests */ = {
			isa = PBXGroup;
			children = (
				296576AC2B6FCC90005ECB8B /* Helpers */,
				29D70FD82C7F2C57006C83B3 /* Shared API Infra */,
				296576902B66A6B8005ECB8B /* Salon API */,
				291F50FC2B771FF4000771BE /* Salon Cache */,
				29CEFDB12C7B7CBA00AC4FEB /* Appointment API */,
				29D70FE62C8C9232006C83B3 /* Appointment Cache */,
			);
			path = NovaBlendSalonTests;
			sourceTree = "<group>";
		};
		29BDDDB62B5C01B60026D484 /* Salon Feature */ = {
			isa = PBXGroup;
			children = (
				29BDDDB72B5C01E20026D484 /* Salon.swift */,
				29BDDDB92B5C03760026D484 /* SalonLoader.swift */,
				29B6B0172B9F61D00013C3AB /* SalonCache.swift */,
			);
			path = "Salon Feature";
			sourceTree = "<group>";
		};
		29CEFD272C690EB300AC4FEB /* snapshots */ = {
			isa = PBXGroup;
			children = (
				29CEFD242C690EB300AC4FEB /* SALON_LIST_WITH_CONTENT_dark.png */,
				29CEFD252C690EB300AC4FEB /* SALON_LIST_WITH_CONTENT_light_extraExtraExtraLarge.png */,
				29CEFD262C690EB300AC4FEB /* SALON_LIST_WITH_CONTENT_light.png */,
			);
			path = snapshots;
			sourceTree = "<group>";
		};
		29CEFDB12C7B7CBA00AC4FEB /* Appointment API */ = {
			isa = PBXGroup;
			children = (
				29CEFDB42C7DB75600AC4FEB /* BookAppointmentUseCaseTests.swift */,
			);
			path = "Appointment API";
			sourceTree = "<group>";
		};
		29D70FD82C7F2C57006C83B3 /* Shared API Infra */ = {
			isa = PBXGroup;
			children = (
				296576952B66A7CD005ECB8B /* Helpers */,
				296576932B66A74E005ECB8B /* URLSessionHttpClientTests.swift */,
			);
			path = "Shared API Infra";
			sourceTree = "<group>";
		};
		29D70FDA2C7F3475006C83B3 /* Appointment API */ = {
			isa = PBXGroup;
			children = (
				29D70FDB2C7F3490006C83B3 /* RemoteAppointmentBooker.swift */,
				29D70FE12C82023D006C83B3 /* RemoteAppointmentMapper.swift */,
			);
			path = "Appointment API";
			sourceTree = "<group>";
		};
		29D70FDD2C7F3580006C83B3 /* Shared API */ = {
			isa = PBXGroup;
			children = (
				296576862B615162005ECB8B /* HTTPClient.swift */,
			);
			path = "Shared API";
			sourceTree = "<group>";
		};
		29D70FDE2C7F35D3006C83B3 /* Shared API Infra */ = {
			isa = PBXGroup;
			children = (
				2965769C2B6BC9D5005ECB8B /* URLSessionHTTPClient.swift */,
			);
			path = "Shared API Infra";
			sourceTree = "<group>";
		};
		29D70FE52C8203C4006C83B3 /* Appointment Feature */ = {
			isa = PBXGroup;
			children = (
				29D70FDF2C7F73EB006C83B3 /* SalonAppointment.swift */,
				29D70FE32C8202CB006C83B3 /* SalonAppointmentBooker.swift */,
				298CEDA32CDC99A30051B714 /* SalonAppointmentCache.swift */,
			);
			path = "Appointment Feature";
			sourceTree = "<group>";
		};
		29D70FE62C8C9232006C83B3 /* Appointment Cache */ = {
			isa = PBXGroup;
			children = (
				298CEDAA2CDCA2390051B714 /* Helpers */,
				29D70FE72C8C928A006C83B3 /* CacheAppointmentUseCaseTests.swift */,
				2994DB0F2CE341D900BD265C /* LoadAppointmentsFromCacheUseCaseTests.swift */,
			);
			path = "Appointment Cache";
			sourceTree = "<group>";
		};
		29E5F09A2C3EB6250006E985 /* Frameworks */ = {
			isa = PBXGroup;
			children = (
			);
			name = Frameworks;
			sourceTree = "<group>";
		};
		29E5F0A42C3FA53E0006E985 /* Helpers */ = {
			isa = PBXGroup;
			children = (
				29E5F0A52C3FA5520006E985 /* TimeFormatter.swift */,
				293CE0592C412A89003FA8C0 /* PreviewHelper.swift */,
			);
			path = Helpers;
			sourceTree = "<group>";
		};
/* End PBXGroup section */

/* Begin PBXHeadersBuildPhase section */
		29B503C52C370054000A53A9 /* Headers */ = {
			isa = PBXHeadersBuildPhase;
			buildActionMask = 2147483647;
			files = (
			);
			runOnlyForDeploymentPostprocessing = 0;
		};
		29BDDD992B5C016F0026D484 /* Headers */ = {
			isa = PBXHeadersBuildPhase;
			buildActionMask = 2147483647;
			files = (
			);
			runOnlyForDeploymentPostprocessing = 0;
		};
/* End PBXHeadersBuildPhase section */

/* Begin PBXNativeTarget section */
		296576A12B6E5F7D005ECB8B /* NovaBlendSalonAPIEndToEndTests */ = {
			isa = PBXNativeTarget;
			buildConfigurationList = 296576A92B6E5F7D005ECB8B /* Build configuration list for PBXNativeTarget "NovaBlendSalonAPIEndToEndTests" */;
			buildPhases = (
				2965769E2B6E5F7D005ECB8B /* Sources */,
				2965769F2B6E5F7D005ECB8B /* Frameworks */,
				296576A02B6E5F7D005ECB8B /* Resources */,
			);
			buildRules = (
			);
			dependencies = (
				296576A82B6E5F7D005ECB8B /* PBXTargetDependency */,
			);
			name = NovaBlendSalonAPIEndToEndTests;
			productName = NovaBlendSalonAPIEndToEndTests;
			productReference = 296576A22B6E5F7D005ECB8B /* NovaBlendSalonAPIEndToEndTests.xctest */;
			productType = "com.apple.product-type.bundle.unit-test";
		};
		29B5039C2C2DA38A000A53A9 /* NovaBlendSalonCacheIntegrationTests */ = {
			isa = PBXNativeTarget;
			buildConfigurationList = 29B503A62C2DA38A000A53A9 /* Build configuration list for PBXNativeTarget "NovaBlendSalonCacheIntegrationTests" */;
			buildPhases = (
				29B503992C2DA38A000A53A9 /* Sources */,
				29B5039A2C2DA38A000A53A9 /* Frameworks */,
				29B5039B2C2DA38A000A53A9 /* Resources */,
			);
			buildRules = (
			);
			dependencies = (
				29B503A32C2DA38A000A53A9 /* PBXTargetDependency */,
			);
			name = NovaBlendSalonCacheIntegrationTests;
			productName = NovaBlendSalonCacheIntegrationTests;
			productReference = 29B5039D2C2DA38A000A53A9 /* NovaBlendSalonCacheIntegrationTests.xctest */;
			productType = "com.apple.product-type.bundle.unit-test";
		};
		29B503C92C370054000A53A9 /* NovaBlendSalonView */ = {
			isa = PBXNativeTarget;
			buildConfigurationList = 29B503DD2C370054000A53A9 /* Build configuration list for PBXNativeTarget "NovaBlendSalonView" */;
			buildPhases = (
				29B503C52C370054000A53A9 /* Headers */,
				29B503C62C370054000A53A9 /* Sources */,
				29B503C72C370054000A53A9 /* Frameworks */,
				29B503C82C370054000A53A9 /* Resources */,
			);
			buildRules = (
			);
			dependencies = (
				29E5F09E2C3EB6250006E985 /* PBXTargetDependency */,
			);
			name = NovaBlendSalonView;
			productName = NovaBlendSalonUI;
			productReference = 29B503CA2C370054000A53A9 /* NovaBlendSalonView.framework */;
			productType = "com.apple.product-type.framework";
		};
		29B503D02C370054000A53A9 /* NovaBlendSalonViewTests */ = {
			isa = PBXNativeTarget;
			buildConfigurationList = 29B503DE2C370054000A53A9 /* Build configuration list for PBXNativeTarget "NovaBlendSalonViewTests" */;
			buildPhases = (
				29B503CD2C370054000A53A9 /* Sources */,
				29B503CE2C370054000A53A9 /* Frameworks */,
				29B503CF2C370054000A53A9 /* Resources */,
			);
			buildRules = (
			);
			dependencies = (
				29B503D42C370054000A53A9 /* PBXTargetDependency */,
			);
			name = NovaBlendSalonViewTests;
			productName = NovaBlendSalonUITests;
			productReference = 29B503D12C370054000A53A9 /* NovaBlendSalonViewTests.xctest */;
			productType = "com.apple.product-type.bundle.unit-test";
		};
		29BDDD9D2B5C016F0026D484 /* NovaBlendSalon */ = {
			isa = PBXNativeTarget;
			buildConfigurationList = 29BDDDB02B5C016F0026D484 /* Build configuration list for PBXNativeTarget "NovaBlendSalon" */;
			buildPhases = (
				29BDDD992B5C016F0026D484 /* Headers */,
				29BDDD9A2B5C016F0026D484 /* Sources */,
				29BDDD9B2B5C016F0026D484 /* Frameworks */,
				29BDDD9C2B5C016F0026D484 /* Resources */,
			);
			buildRules = (
			);
			dependencies = (
			);
			name = NovaBlendSalon;
			productName = NovaBlendSalon;
			productReference = 29BDDD9E2B5C016F0026D484 /* NovaBlendSalon.framework */;
			productType = "com.apple.product-type.framework";
		};
		29BDDDA52B5C016F0026D484 /* NovaBlendSalonTests */ = {
			isa = PBXNativeTarget;
			buildConfigurationList = 29BDDDB32B5C016F0026D484 /* Build configuration list for PBXNativeTarget "NovaBlendSalonTests" */;
			buildPhases = (
				29BDDDA22B5C016F0026D484 /* Sources */,
				29BDDDA32B5C016F0026D484 /* Frameworks */,
				29BDDDA42B5C016F0026D484 /* Resources */,
			);
			buildRules = (
			);
			dependencies = (
				29BDDDA92B5C016F0026D484 /* PBXTargetDependency */,
			);
			name = NovaBlendSalonTests;
			productName = NovaBlendSalonTests;
			productReference = 29BDDDA62B5C016F0026D484 /* NovaBlendSalonTests.xctest */;
			productType = "com.apple.product-type.bundle.unit-test";
		};
/* End PBXNativeTarget section */

/* Begin PBXProject section */
		29BDDD952B5C016F0026D484 /* Project object */ = {
			isa = PBXProject;
			attributes = {
				BuildIndependentTargetsInParallel = 1;
				LastSwiftUpdateCheck = 1520;
				LastUpgradeCheck = 1540;
				TargetAttributes = {
					296576A12B6E5F7D005ECB8B = {
						CreatedOnToolsVersion = 15.0;
					};
					29B5039C2C2DA38A000A53A9 = {
						CreatedOnToolsVersion = 15.2;
					};
					29B503C92C370054000A53A9 = {
						CreatedOnToolsVersion = 15.2;
						LastSwiftMigration = 1520;
					};
					29B503D02C370054000A53A9 = {
						CreatedOnToolsVersion = 15.2;
					};
					29BDDD9D2B5C016F0026D484 = {
						CreatedOnToolsVersion = 15.0;
						LastSwiftMigration = 1500;
					};
					29BDDDA52B5C016F0026D484 = {
						CreatedOnToolsVersion = 15.0;
					};
				};
			};
			buildConfigurationList = 29BDDD982B5C016F0026D484 /* Build configuration list for PBXProject "NovaBlendSalon" */;
			compatibilityVersion = "Xcode 14.0";
			developmentRegion = en;
			hasScannedForEncodings = 0;
			knownRegions = (
				en,
				Base,
			);
			mainGroup = 29BDDD942B5C016F0026D484;
			productRefGroup = 29BDDD9F2B5C016F0026D484 /* Products */;
			projectDirPath = "";
			projectRoot = "";
			targets = (
				29BDDD9D2B5C016F0026D484 /* NovaBlendSalon */,
				29BDDDA52B5C016F0026D484 /* NovaBlendSalonTests */,
				296576A12B6E5F7D005ECB8B /* NovaBlendSalonAPIEndToEndTests */,
				29B5039C2C2DA38A000A53A9 /* NovaBlendSalonCacheIntegrationTests */,
				29B503C92C370054000A53A9 /* NovaBlendSalonView */,
				29B503D02C370054000A53A9 /* NovaBlendSalonViewTests */,
			);
		};
/* End PBXProject section */

/* Begin PBXResourcesBuildPhase section */
		296576A02B6E5F7D005ECB8B /* Resources */ = {
			isa = PBXResourcesBuildPhase;
			buildActionMask = 2147483647;
			files = (
			);
			runOnlyForDeploymentPostprocessing = 0;
		};
		29B5039B2C2DA38A000A53A9 /* Resources */ = {
			isa = PBXResourcesBuildPhase;
			buildActionMask = 2147483647;
			files = (
			);
			runOnlyForDeploymentPostprocessing = 0;
		};
		29B503C82C370054000A53A9 /* Resources */ = {
			isa = PBXResourcesBuildPhase;
			buildActionMask = 2147483647;
			files = (
			);
			runOnlyForDeploymentPostprocessing = 0;
		};
		29B503CF2C370054000A53A9 /* Resources */ = {
			isa = PBXResourcesBuildPhase;
			buildActionMask = 2147483647;
			files = (
				29CEFD2A2C690EB300AC4FEB /* SALON_LIST_WITH_CONTENT_light.png in Resources */,
				29CEFD282C690EB300AC4FEB /* SALON_LIST_WITH_CONTENT_dark.png in Resources */,
				29CEFD292C690EB300AC4FEB /* SALON_LIST_WITH_CONTENT_light_extraExtraExtraLarge.png in Resources */,
			);
			runOnlyForDeploymentPostprocessing = 0;
		};
		29BDDD9C2B5C016F0026D484 /* Resources */ = {
			isa = PBXResourcesBuildPhase;
			buildActionMask = 2147483647;
			files = (
			);
			runOnlyForDeploymentPostprocessing = 0;
		};
		29BDDDA42B5C016F0026D484 /* Resources */ = {
			isa = PBXResourcesBuildPhase;
			buildActionMask = 2147483647;
			files = (
			);
			runOnlyForDeploymentPostprocessing = 0;
		};
/* End PBXResourcesBuildPhase section */

/* Begin PBXSourcesBuildPhase section */
		2965769E2B6E5F7D005ECB8B /* Sources */ = {
			isa = PBXSourcesBuildPhase;
			buildActionMask = 2147483647;
			files = (
				296576A52B6E5F7D005ECB8B /* NovaBlendSalonAPIEndToEndTests.swift in Sources */,
				296576AD2B6FCCC0005ECB8B /* XCTestCase+MemoryLeakTracking.swift in Sources */,
			);
			runOnlyForDeploymentPostprocessing = 0;
		};
		29B503992C2DA38A000A53A9 /* Sources */ = {
			isa = PBXSourcesBuildPhase;
			buildActionMask = 2147483647;
			files = (
				29B503A02C2DA38A000A53A9 /* NovaBlendSalonCacheIntegrationTests.swift in Sources */,
				29B503A72C2EB1C7000A53A9 /* XCTestCase+MemoryLeakTracking.swift in Sources */,
				29B503A82C2EB495000A53A9 /* SalonCacheTestHelpers.swift in Sources */,
			);
			runOnlyForDeploymentPostprocessing = 0;
		};
		29B503C62C370054000A53A9 /* Sources */ = {
			isa = PBXSourcesBuildPhase;
			buildActionMask = 2147483647;
			files = (
				293CE05A2C412A89003FA8C0 /* PreviewHelper.swift in Sources */,
				29E5F0A82C3FA72F0006E985 /* SalonListViewModelAdapter.swift in Sources */,
				29E5F0932C370A570006E985 /* SalonListViewModel.swift in Sources */,
				29E5F0A62C3FA5520006E985 /* TimeFormatter.swift in Sources */,
				29B503E12C370280000A53A9 /* SalonListView.swift in Sources */,
				293CE0582C40ED14003FA8C0 /* SalonRowView.swift in Sources */,
			);
			runOnlyForDeploymentPostprocessing = 0;
		};
		29B503CD2C370054000A53A9 /* Sources */ = {
			isa = PBXSourcesBuildPhase;
			buildActionMask = 2147483647;
			files = (
				293CE06A2C436DFA003FA8C0 /* SalonListSnapshotTests.swift in Sources */,
				293CE0682C42B621003FA8C0 /* UIViewController+Snapshot.swift in Sources */,
				29E5F0A12C3EB7810006E985 /* SalonListViewModelAdapterTests.swift in Sources */,
				293CE0662C42B4F7003FA8C0 /* XCTestCase+Snapshot.swift in Sources */,
				29E5F0A32C3FA1650006E985 /* TimeFormatterTests.swift in Sources */,
			);
			runOnlyForDeploymentPostprocessing = 0;
		};
		29BDDD9A2B5C016F0026D484 /* Sources */ = {
			isa = PBXSourcesBuildPhase;
			buildActionMask = 2147483647;
			files = (
				291F51032B7BC984000771BE /* LocalSalonLoader.swift in Sources */,
				298856152C2AF2A2009BB335 /* ManagedSalonItem.swift in Sources */,
				29EE6A4B2C2BF293000D9C51 /* ManagedCache.swift in Sources */,
				29D70FE42C8202CB006C83B3 /* SalonAppointmentBooker.swift in Sources */,
				29B6B0182B9F61D00013C3AB /* SalonCache.swift in Sources */,
				298CEDA72CDC9AC00051B714 /* AppointmentStore.swift in Sources */,
				29BDDDBA2B5C03760026D484 /* SalonLoader.swift in Sources */,
				291F51072B7BC9D2000771BE /* SalonCachePolicy.swift in Sources */,
				29D70FE22C82023D006C83B3 /* RemoteAppointmentMapper.swift in Sources */,
				298CEDAE2CDCB6BA0051B714 /* LocalSalonAppointment.swift in Sources */,
				296576852B5CDD36005ECB8B /* RemoteSalonLoader.swift in Sources */,
				29D70FDC2C7F3490006C83B3 /* RemoteAppointmentBooker.swift in Sources */,
				296576892B641001005ECB8B /* SalonMapper.swift in Sources */,
				296576872B615163005ECB8B /* HTTPClient.swift in Sources */,
				291F51052B7BC9AF000771BE /* SalonStore.swift in Sources */,
				291F51012B7BC90F000771BE /* LocalSalonItem.swift in Sources */,
				298856132C2AEA81009BB335 /* SwiftDataSalonStore.swift in Sources */,
				298CEDA92CDC9BA10051B714 /* LocalAppointmentLoader.swift in Sources */,
				29D70FE02C7F73EB006C83B3 /* SalonAppointment.swift in Sources */,
				298CEDA42CDC99A30051B714 /* SalonAppointmentCache.swift in Sources */,
				29BDDDB82B5C01E20026D484 /* Salon.swift in Sources */,
				2965769D2B6BC9D5005ECB8B /* URLSessionHTTPClient.swift in Sources */,
			);
			runOnlyForDeploymentPostprocessing = 0;
		};
		29BDDDA22B5C016F0026D484 /* Sources */ = {
			isa = PBXSourcesBuildPhase;
			buildActionMask = 2147483647;
			files = (
				29D70FD72C7F2565006C83B3 /* HTTPClientSpy.swift in Sources */,
				29BDDDAC2B5C016F0026D484 /* LoadSalonFromRemoteUseCaseTests.swift in Sources */,
				298CEDAC2CDCA2410051B714 /* AppointmentStoreSpy.swift in Sources */,
				296576972B66A7D7005ECB8B /* URLProtocolStub.swift in Sources */,
				291F51092B7BCABA000771BE /* SalonStoreSpy.swift in Sources */,
				296576942B66A74E005ECB8B /* URLSessionHttpClientTests.swift in Sources */,
				29EDA0AD2B89CA1400764219 /* ValidateSalonFromCacheUseCaseTests.swift in Sources */,
				29D70FE82C8C928A006C83B3 /* CacheAppointmentUseCaseTests.swift in Sources */,
				29EDA0A92B7FC39F00764219 /* CacheSalonUseCaseTests.swift in Sources */,
				2994DB122CE37D7E00BD265C /* AppointmentCacheTestHelpers.swift in Sources */,
				29CEFDB52C7DB75600AC4FEB /* BookAppointmentUseCaseTests.swift in Sources */,
				2988560F2C29AB28009BB335 /* SwiftDataSalonStoreTests.swift in Sources */,
				29EDA0AB2B81CA8600764219 /* SalonCacheTestHelpers.swift in Sources */,
				2994DB102CE341D900BD265C /* LoadAppointmentsFromCacheUseCaseTests.swift in Sources */,
				296576992B6815A8005ECB8B /* TestHelpers.swift in Sources */,
				291F50FE2B77206F000771BE /* LoadSalonFromCacheUseCaseTests.swift in Sources */,
				2965769B2B681675005ECB8B /* XCTestCase+MemoryLeakTracking.swift in Sources */,
			);
			runOnlyForDeploymentPostprocessing = 0;
		};
/* End PBXSourcesBuildPhase section */

/* Begin PBXTargetDependency section */
		296576A82B6E5F7D005ECB8B /* PBXTargetDependency */ = {
			isa = PBXTargetDependency;
			target = 29BDDD9D2B5C016F0026D484 /* NovaBlendSalon */;
			targetProxy = 296576A72B6E5F7D005ECB8B /* PBXContainerItemProxy */;
		};
		29B503A32C2DA38A000A53A9 /* PBXTargetDependency */ = {
			isa = PBXTargetDependency;
			target = 29BDDD9D2B5C016F0026D484 /* NovaBlendSalon */;
			targetProxy = 29B503A22C2DA38A000A53A9 /* PBXContainerItemProxy */;
		};
		29B503D42C370054000A53A9 /* PBXTargetDependency */ = {
			isa = PBXTargetDependency;
			target = 29B503C92C370054000A53A9 /* NovaBlendSalonView */;
			targetProxy = 29B503D32C370054000A53A9 /* PBXContainerItemProxy */;
		};
		29BDDDA92B5C016F0026D484 /* PBXTargetDependency */ = {
			isa = PBXTargetDependency;
			target = 29BDDD9D2B5C016F0026D484 /* NovaBlendSalon */;
			targetProxy = 29BDDDA82B5C016F0026D484 /* PBXContainerItemProxy */;
		};
		29E5F09E2C3EB6250006E985 /* PBXTargetDependency */ = {
			isa = PBXTargetDependency;
			target = 29BDDD9D2B5C016F0026D484 /* NovaBlendSalon */;
			targetProxy = 29E5F09D2C3EB6250006E985 /* PBXContainerItemProxy */;
		};
/* End PBXTargetDependency section */

/* Begin XCBuildConfiguration section */
		296576AA2B6E5F7D005ECB8B /* Debug */ = {
			isa = XCBuildConfiguration;
			buildSettings = {
				CODE_SIGN_STYLE = Automatic;
				CURRENT_PROJECT_VERSION = 1;
				DEAD_CODE_STRIPPING = YES;
				GENERATE_INFOPLIST_FILE = YES;
				MARKETING_VERSION = 1.0;
				PRODUCT_BUNDLE_IDENTIFIER = com.musdevpro.NovaBlendSalonAPIEndToEndTests;
				PRODUCT_NAME = "$(TARGET_NAME)";
				SUPPORTED_PLATFORMS = "iphoneos iphonesimulator macosx";
				SUPPORTS_MACCATALYST = NO;
				SWIFT_EMIT_LOC_STRINGS = NO;
				SWIFT_VERSION = 5.0;
				TARGETED_DEVICE_FAMILY = 1;
			};
			name = Debug;
		};
		296576AB2B6E5F7D005ECB8B /* Release */ = {
			isa = XCBuildConfiguration;
			buildSettings = {
				CODE_SIGN_STYLE = Automatic;
				CURRENT_PROJECT_VERSION = 1;
				DEAD_CODE_STRIPPING = YES;
				GENERATE_INFOPLIST_FILE = YES;
				MARKETING_VERSION = 1.0;
				PRODUCT_BUNDLE_IDENTIFIER = com.musdevpro.NovaBlendSalonAPIEndToEndTests;
				PRODUCT_NAME = "$(TARGET_NAME)";
				SUPPORTED_PLATFORMS = "iphoneos iphonesimulator macosx";
				SUPPORTS_MACCATALYST = NO;
				SWIFT_EMIT_LOC_STRINGS = NO;
				SWIFT_VERSION = 5.0;
				TARGETED_DEVICE_FAMILY = 1;
			};
			name = Release;
		};
		29B503A42C2DA38A000A53A9 /* Debug */ = {
			isa = XCBuildConfiguration;
			buildSettings = {
				CODE_SIGN_STYLE = Automatic;
				CURRENT_PROJECT_VERSION = 1;
				DEAD_CODE_STRIPPING = YES;
				GENERATE_INFOPLIST_FILE = YES;
				MACOSX_DEPLOYMENT_TARGET = 14.2;
				MARKETING_VERSION = 1.0;
				PRODUCT_BUNDLE_IDENTIFIER = com.musdevpro.NovaBlendSalonCacheIntegrationTests;
				PRODUCT_NAME = "$(TARGET_NAME)";
				SUPPORTED_PLATFORMS = "iphoneos iphonesimulator macosx";
				SUPPORTS_MACCATALYST = NO;
				SWIFT_EMIT_LOC_STRINGS = NO;
				SWIFT_VERSION = 5.0;
				TARGETED_DEVICE_FAMILY = 1;
			};
			name = Debug;
		};
		29B503A52C2DA38A000A53A9 /* Release */ = {
			isa = XCBuildConfiguration;
			buildSettings = {
				CODE_SIGN_STYLE = Automatic;
				CURRENT_PROJECT_VERSION = 1;
				DEAD_CODE_STRIPPING = YES;
				GENERATE_INFOPLIST_FILE = YES;
				MACOSX_DEPLOYMENT_TARGET = 14.2;
				MARKETING_VERSION = 1.0;
				PRODUCT_BUNDLE_IDENTIFIER = com.musdevpro.NovaBlendSalonCacheIntegrationTests;
				PRODUCT_NAME = "$(TARGET_NAME)";
				SUPPORTED_PLATFORMS = "iphoneos iphonesimulator macosx";
				SUPPORTS_MACCATALYST = NO;
				SWIFT_EMIT_LOC_STRINGS = NO;
				SWIFT_VERSION = 5.0;
				TARGETED_DEVICE_FAMILY = 1;
			};
			name = Release;
		};
		29B503D92C370054000A53A9 /* Debug */ = {
			isa = XCBuildConfiguration;
			buildSettings = {
				CLANG_ENABLE_MODULES = YES;
				CODE_SIGN_STYLE = Automatic;
				CURRENT_PROJECT_VERSION = 1;
				DEAD_CODE_STRIPPING = YES;
				DEFINES_MODULE = YES;
				DYLIB_COMPATIBILITY_VERSION = 1;
				DYLIB_CURRENT_VERSION = 1;
				DYLIB_INSTALL_NAME_BASE = "@rpath";
				ENABLE_MODULE_VERIFIER = YES;
				GENERATE_INFOPLIST_FILE = YES;
				INFOPLIST_KEY_NSHumanReadableCopyright = "";
				INSTALL_PATH = "$(LOCAL_LIBRARY_DIR)/Frameworks";
				IPHONEOS_DEPLOYMENT_TARGET = 18.1;
				LD_RUNPATH_SEARCH_PATHS = (
					"@executable_path/Frameworks",
					"@loader_path/Frameworks",
				);
				"LD_RUNPATH_SEARCH_PATHS[sdk=macosx*]" = (
					"@executable_path/../Frameworks",
					"@loader_path/Frameworks",
				);
				MACOSX_DEPLOYMENT_TARGET = 14.2;
				MARKETING_VERSION = 1.0;
				MODULE_VERIFIER_SUPPORTED_LANGUAGES = "objective-c objective-c++";
				MODULE_VERIFIER_SUPPORTED_LANGUAGE_STANDARDS = "gnu17 gnu++20";
				PRODUCT_BUNDLE_IDENTIFIER = com.musdevpro.NovaBlendSalonView;
				PRODUCT_NAME = "$(TARGET_NAME:c99extidentifier)";
				SDKROOT = auto;
				SKIP_INSTALL = YES;
				SUPPORTED_PLATFORMS = "iphoneos iphonesimulator macosx";
				SWIFT_EMIT_LOC_STRINGS = YES;
				SWIFT_OPTIMIZATION_LEVEL = "-Onone";
				SWIFT_VERSION = 5.0;
				TARGETED_DEVICE_FAMILY = "1,2";
			};
			name = Debug;
		};
		29B503DA2C370054000A53A9 /* Release */ = {
			isa = XCBuildConfiguration;
			buildSettings = {
				CLANG_ENABLE_MODULES = YES;
				CODE_SIGN_STYLE = Automatic;
				CURRENT_PROJECT_VERSION = 1;
				DEAD_CODE_STRIPPING = YES;
				DEFINES_MODULE = YES;
				DYLIB_COMPATIBILITY_VERSION = 1;
				DYLIB_CURRENT_VERSION = 1;
				DYLIB_INSTALL_NAME_BASE = "@rpath";
				ENABLE_MODULE_VERIFIER = YES;
				GENERATE_INFOPLIST_FILE = YES;
				INFOPLIST_KEY_NSHumanReadableCopyright = "";
				INSTALL_PATH = "$(LOCAL_LIBRARY_DIR)/Frameworks";
				IPHONEOS_DEPLOYMENT_TARGET = 18.1;
				LD_RUNPATH_SEARCH_PATHS = (
					"@executable_path/Frameworks",
					"@loader_path/Frameworks",
				);
				"LD_RUNPATH_SEARCH_PATHS[sdk=macosx*]" = (
					"@executable_path/../Frameworks",
					"@loader_path/Frameworks",
				);
				MACOSX_DEPLOYMENT_TARGET = 14.2;
				MARKETING_VERSION = 1.0;
				MODULE_VERIFIER_SUPPORTED_LANGUAGES = "objective-c objective-c++";
				MODULE_VERIFIER_SUPPORTED_LANGUAGE_STANDARDS = "gnu17 gnu++20";
				PRODUCT_BUNDLE_IDENTIFIER = com.musdevpro.NovaBlendSalonView;
				PRODUCT_NAME = "$(TARGET_NAME:c99extidentifier)";
				SDKROOT = auto;
				SKIP_INSTALL = YES;
				SUPPORTED_PLATFORMS = "iphoneos iphonesimulator macosx";
				SWIFT_EMIT_LOC_STRINGS = YES;
				SWIFT_VERSION = 5.0;
				TARGETED_DEVICE_FAMILY = "1,2";
			};
			name = Release;
		};
		29B503DB2C370054000A53A9 /* Debug */ = {
			isa = XCBuildConfiguration;
			buildSettings = {
				ALWAYS_EMBED_SWIFT_STANDARD_LIBRARIES = YES;
				CODE_SIGN_STYLE = Automatic;
				CURRENT_PROJECT_VERSION = 1;
				DEAD_CODE_STRIPPING = YES;
				GENERATE_INFOPLIST_FILE = YES;
				IPHONEOS_DEPLOYMENT_TARGET = 18.1;
				MACOSX_DEPLOYMENT_TARGET = 14.2;
				MARKETING_VERSION = 1.0;
				PRODUCT_BUNDLE_IDENTIFIER = com.musdevpro.NovaBlendSalonViewTests;
				PRODUCT_NAME = "$(TARGET_NAME)";
				SDKROOT = auto;
				SUPPORTED_PLATFORMS = "iphoneos iphonesimulator macosx";
				SWIFT_EMIT_LOC_STRINGS = NO;
				SWIFT_VERSION = 5.0;
				TARGETED_DEVICE_FAMILY = "1,2";
			};
			name = Debug;
		};
		29B503DC2C370054000A53A9 /* Release */ = {
			isa = XCBuildConfiguration;
			buildSettings = {
				ALWAYS_EMBED_SWIFT_STANDARD_LIBRARIES = YES;
				CODE_SIGN_STYLE = Automatic;
				CURRENT_PROJECT_VERSION = 1;
				DEAD_CODE_STRIPPING = YES;
				GENERATE_INFOPLIST_FILE = YES;
				IPHONEOS_DEPLOYMENT_TARGET = 18.1;
				MACOSX_DEPLOYMENT_TARGET = 14.2;
				MARKETING_VERSION = 1.0;
				PRODUCT_BUNDLE_IDENTIFIER = com.musdevpro.NovaBlendSalonViewTests;
				PRODUCT_NAME = "$(TARGET_NAME)";
				SDKROOT = auto;
				SUPPORTED_PLATFORMS = "iphoneos iphonesimulator macosx";
				SWIFT_EMIT_LOC_STRINGS = NO;
				SWIFT_VERSION = 5.0;
				TARGETED_DEVICE_FAMILY = "1,2";
			};
			name = Release;
		};
		29BDDDAE2B5C016F0026D484 /* Debug */ = {
			isa = XCBuildConfiguration;
			buildSettings = {
				ALWAYS_SEARCH_USER_PATHS = NO;
				ASSETCATALOG_COMPILER_GENERATE_SWIFT_ASSET_SYMBOL_EXTENSIONS = YES;
				CLANG_ANALYZER_NONNULL = YES;
				CLANG_ANALYZER_NUMBER_OBJECT_CONVERSION = YES_AGGRESSIVE;
				CLANG_CXX_LANGUAGE_STANDARD = "gnu++20";
				CLANG_ENABLE_MODULES = YES;
				CLANG_ENABLE_OBJC_ARC = YES;
				CLANG_ENABLE_OBJC_WEAK = YES;
				CLANG_WARN_BLOCK_CAPTURE_AUTORELEASING = YES;
				CLANG_WARN_BOOL_CONVERSION = YES;
				CLANG_WARN_COMMA = YES;
				CLANG_WARN_CONSTANT_CONVERSION = YES;
				CLANG_WARN_DEPRECATED_OBJC_IMPLEMENTATIONS = YES;
				CLANG_WARN_DIRECT_OBJC_ISA_USAGE = YES_ERROR;
				CLANG_WARN_DOCUMENTATION_COMMENTS = YES;
				CLANG_WARN_EMPTY_BODY = YES;
				CLANG_WARN_ENUM_CONVERSION = YES;
				CLANG_WARN_INFINITE_RECURSION = YES;
				CLANG_WARN_INT_CONVERSION = YES;
				CLANG_WARN_NON_LITERAL_NULL_CONVERSION = YES;
				CLANG_WARN_OBJC_IMPLICIT_RETAIN_SELF = YES;
				CLANG_WARN_OBJC_LITERAL_CONVERSION = YES;
				CLANG_WARN_OBJC_ROOT_CLASS = YES_ERROR;
				CLANG_WARN_QUOTED_INCLUDE_IN_FRAMEWORK_HEADER = YES;
				CLANG_WARN_RANGE_LOOP_ANALYSIS = YES;
				CLANG_WARN_STRICT_PROTOTYPES = YES;
				CLANG_WARN_SUSPICIOUS_MOVE = YES;
				CLANG_WARN_UNGUARDED_AVAILABILITY = YES_AGGRESSIVE;
				CLANG_WARN_UNREACHABLE_CODE = YES;
				CLANG_WARN__DUPLICATE_METHOD_MATCH = YES;
				COPY_PHASE_STRIP = NO;
				CURRENT_PROJECT_VERSION = 1;
				DEAD_CODE_STRIPPING = YES;
				DEBUG_INFORMATION_FORMAT = dwarf;
				ENABLE_STRICT_OBJC_MSGSEND = YES;
				ENABLE_TESTABILITY = YES;
				ENABLE_USER_SCRIPT_SANDBOXING = YES;
				GCC_C_LANGUAGE_STANDARD = gnu17;
				GCC_DYNAMIC_NO_PIC = NO;
				GCC_NO_COMMON_BLOCKS = YES;
				GCC_OPTIMIZATION_LEVEL = 0;
				GCC_PREPROCESSOR_DEFINITIONS = (
					"DEBUG=1",
					"$(inherited)",
				);
				GCC_WARN_64_TO_32_BIT_CONVERSION = YES;
				GCC_WARN_ABOUT_RETURN_TYPE = YES_ERROR;
				GCC_WARN_UNDECLARED_SELECTOR = YES;
				GCC_WARN_UNINITIALIZED_AUTOS = YES_AGGRESSIVE;
				GCC_WARN_UNUSED_FUNCTION = YES;
				GCC_WARN_UNUSED_VARIABLE = YES;
				LOCALIZATION_PREFERS_STRING_CATALOGS = YES;
				MACOSX_DEPLOYMENT_TARGET = 14.0;
				MTL_ENABLE_DEBUG_INFO = INCLUDE_SOURCE;
				MTL_FAST_MATH = YES;
				ONLY_ACTIVE_ARCH = YES;
				SDKROOT = macosx;
				SWIFT_ACTIVE_COMPILATION_CONDITIONS = "DEBUG $(inherited)";
				SWIFT_OPTIMIZATION_LEVEL = "-Onone";
				VERSIONING_SYSTEM = "apple-generic";
				VERSION_INFO_PREFIX = "";
			};
			name = Debug;
		};
		29BDDDAF2B5C016F0026D484 /* Release */ = {
			isa = XCBuildConfiguration;
			buildSettings = {
				ALWAYS_SEARCH_USER_PATHS = NO;
				ASSETCATALOG_COMPILER_GENERATE_SWIFT_ASSET_SYMBOL_EXTENSIONS = YES;
				CLANG_ANALYZER_NONNULL = YES;
				CLANG_ANALYZER_NUMBER_OBJECT_CONVERSION = YES_AGGRESSIVE;
				CLANG_CXX_LANGUAGE_STANDARD = "gnu++20";
				CLANG_ENABLE_MODULES = YES;
				CLANG_ENABLE_OBJC_ARC = YES;
				CLANG_ENABLE_OBJC_WEAK = YES;
				CLANG_WARN_BLOCK_CAPTURE_AUTORELEASING = YES;
				CLANG_WARN_BOOL_CONVERSION = YES;
				CLANG_WARN_COMMA = YES;
				CLANG_WARN_CONSTANT_CONVERSION = YES;
				CLANG_WARN_DEPRECATED_OBJC_IMPLEMENTATIONS = YES;
				CLANG_WARN_DIRECT_OBJC_ISA_USAGE = YES_ERROR;
				CLANG_WARN_DOCUMENTATION_COMMENTS = YES;
				CLANG_WARN_EMPTY_BODY = YES;
				CLANG_WARN_ENUM_CONVERSION = YES;
				CLANG_WARN_INFINITE_RECURSION = YES;
				CLANG_WARN_INT_CONVERSION = YES;
				CLANG_WARN_NON_LITERAL_NULL_CONVERSION = YES;
				CLANG_WARN_OBJC_IMPLICIT_RETAIN_SELF = YES;
				CLANG_WARN_OBJC_LITERAL_CONVERSION = YES;
				CLANG_WARN_OBJC_ROOT_CLASS = YES_ERROR;
				CLANG_WARN_QUOTED_INCLUDE_IN_FRAMEWORK_HEADER = YES;
				CLANG_WARN_RANGE_LOOP_ANALYSIS = YES;
				CLANG_WARN_STRICT_PROTOTYPES = YES;
				CLANG_WARN_SUSPICIOUS_MOVE = YES;
				CLANG_WARN_UNGUARDED_AVAILABILITY = YES_AGGRESSIVE;
				CLANG_WARN_UNREACHABLE_CODE = YES;
				CLANG_WARN__DUPLICATE_METHOD_MATCH = YES;
				COPY_PHASE_STRIP = NO;
				CURRENT_PROJECT_VERSION = 1;
				DEAD_CODE_STRIPPING = YES;
				DEBUG_INFORMATION_FORMAT = "dwarf-with-dsym";
				ENABLE_NS_ASSERTIONS = NO;
				ENABLE_STRICT_OBJC_MSGSEND = YES;
				ENABLE_USER_SCRIPT_SANDBOXING = YES;
				GCC_C_LANGUAGE_STANDARD = gnu17;
				GCC_NO_COMMON_BLOCKS = YES;
				GCC_WARN_64_TO_32_BIT_CONVERSION = YES;
				GCC_WARN_ABOUT_RETURN_TYPE = YES_ERROR;
				GCC_WARN_UNDECLARED_SELECTOR = YES;
				GCC_WARN_UNINITIALIZED_AUTOS = YES_AGGRESSIVE;
				GCC_WARN_UNUSED_FUNCTION = YES;
				GCC_WARN_UNUSED_VARIABLE = YES;
				LOCALIZATION_PREFERS_STRING_CATALOGS = YES;
				MACOSX_DEPLOYMENT_TARGET = 14.0;
				MTL_ENABLE_DEBUG_INFO = NO;
				MTL_FAST_MATH = YES;
				SDKROOT = macosx;
				SWIFT_COMPILATION_MODE = wholemodule;
				VERSIONING_SYSTEM = "apple-generic";
				VERSION_INFO_PREFIX = "";
			};
			name = Release;
		};
		29BDDDB12B5C016F0026D484 /* Debug */ = {
			isa = XCBuildConfiguration;
			buildSettings = {
				CLANG_ENABLE_MODULES = YES;
				CODE_SIGN_STYLE = Automatic;
				COMBINE_HIDPI_IMAGES = YES;
				CURRENT_PROJECT_VERSION = 1;
				DEAD_CODE_STRIPPING = YES;
				DEFINES_MODULE = YES;
				DYLIB_COMPATIBILITY_VERSION = 1;
				DYLIB_CURRENT_VERSION = 1;
				DYLIB_INSTALL_NAME_BASE = "@rpath";
				ENABLE_MODULE_VERIFIER = YES;
				GENERATE_INFOPLIST_FILE = YES;
				INFOPLIST_KEY_NSHumanReadableCopyright = "";
				INSTALL_PATH = "$(LOCAL_LIBRARY_DIR)/Frameworks";
				LD_RUNPATH_SEARCH_PATHS = (
					"$(inherited)",
					"@executable_path/../Frameworks",
					"@loader_path/Frameworks",
				);
				MARKETING_VERSION = 1.0;
				MODULE_VERIFIER_SUPPORTED_LANGUAGES = "objective-c objective-c++";
				MODULE_VERIFIER_SUPPORTED_LANGUAGE_STANDARDS = "gnu17 gnu++20";
				PRODUCT_BUNDLE_IDENTIFIER = com.musdevpro.NovaBlendSalon;
				PRODUCT_NAME = "$(TARGET_NAME:c99extidentifier)";
				SKIP_INSTALL = YES;
				SUPPORTED_PLATFORMS = "iphoneos iphonesimulator macosx";
				SUPPORTS_MACCATALYST = NO;
				SWIFT_EMIT_LOC_STRINGS = YES;
				SWIFT_OPTIMIZATION_LEVEL = "-Onone";
				SWIFT_VERSION = 5.0;
				TARGETED_DEVICE_FAMILY = 1;
			};
			name = Debug;
		};
		29BDDDB22B5C016F0026D484 /* Release */ = {
			isa = XCBuildConfiguration;
			buildSettings = {
				CLANG_ENABLE_MODULES = YES;
				CODE_SIGN_STYLE = Automatic;
				COMBINE_HIDPI_IMAGES = YES;
				CURRENT_PROJECT_VERSION = 1;
				DEAD_CODE_STRIPPING = YES;
				DEFINES_MODULE = YES;
				DYLIB_COMPATIBILITY_VERSION = 1;
				DYLIB_CURRENT_VERSION = 1;
				DYLIB_INSTALL_NAME_BASE = "@rpath";
				ENABLE_MODULE_VERIFIER = YES;
				GENERATE_INFOPLIST_FILE = YES;
				INFOPLIST_KEY_NSHumanReadableCopyright = "";
				INSTALL_PATH = "$(LOCAL_LIBRARY_DIR)/Frameworks";
				LD_RUNPATH_SEARCH_PATHS = (
					"$(inherited)",
					"@executable_path/../Frameworks",
					"@loader_path/Frameworks",
				);
				MARKETING_VERSION = 1.0;
				MODULE_VERIFIER_SUPPORTED_LANGUAGES = "objective-c objective-c++";
				MODULE_VERIFIER_SUPPORTED_LANGUAGE_STANDARDS = "gnu17 gnu++20";
				PRODUCT_BUNDLE_IDENTIFIER = com.musdevpro.NovaBlendSalon;
				PRODUCT_NAME = "$(TARGET_NAME:c99extidentifier)";
				SKIP_INSTALL = YES;
				SUPPORTED_PLATFORMS = "iphoneos iphonesimulator macosx";
				SUPPORTS_MACCATALYST = NO;
				SWIFT_EMIT_LOC_STRINGS = YES;
				SWIFT_VERSION = 5.0;
				TARGETED_DEVICE_FAMILY = 1;
			};
			name = Release;
		};
		29BDDDB42B5C016F0026D484 /* Debug */ = {
			isa = XCBuildConfiguration;
			buildSettings = {
				ALWAYS_EMBED_SWIFT_STANDARD_LIBRARIES = YES;
				CODE_SIGN_STYLE = Automatic;
				CURRENT_PROJECT_VERSION = 1;
				DEAD_CODE_STRIPPING = YES;
				GENERATE_INFOPLIST_FILE = YES;
				MARKETING_VERSION = 1.0;
				PRODUCT_BUNDLE_IDENTIFIER = com.musdevpro.NovaBlendSalonTests;
				PRODUCT_NAME = "$(TARGET_NAME)";
				SUPPORTED_PLATFORMS = "iphoneos iphonesimulator macosx";
				SUPPORTS_MACCATALYST = NO;
				SWIFT_EMIT_LOC_STRINGS = NO;
				SWIFT_VERSION = 5.0;
				TARGETED_DEVICE_FAMILY = 1;
			};
			name = Debug;
		};
		29BDDDB52B5C016F0026D484 /* Release */ = {
			isa = XCBuildConfiguration;
			buildSettings = {
				ALWAYS_EMBED_SWIFT_STANDARD_LIBRARIES = YES;
				CODE_SIGN_STYLE = Automatic;
				CURRENT_PROJECT_VERSION = 1;
				DEAD_CODE_STRIPPING = YES;
				GENERATE_INFOPLIST_FILE = YES;
				MARKETING_VERSION = 1.0;
				PRODUCT_BUNDLE_IDENTIFIER = com.musdevpro.NovaBlendSalonTests;
				PRODUCT_NAME = "$(TARGET_NAME)";
				SUPPORTED_PLATFORMS = "iphoneos iphonesimulator macosx";
				SUPPORTS_MACCATALYST = NO;
				SWIFT_EMIT_LOC_STRINGS = NO;
				SWIFT_VERSION = 5.0;
				TARGETED_DEVICE_FAMILY = 1;
			};
			name = Release;
		};
/* End XCBuildConfiguration section */

/* Begin XCConfigurationList section */
		296576A92B6E5F7D005ECB8B /* Build configuration list for PBXNativeTarget "NovaBlendSalonAPIEndToEndTests" */ = {
			isa = XCConfigurationList;
			buildConfigurations = (
				296576AA2B6E5F7D005ECB8B /* Debug */,
				296576AB2B6E5F7D005ECB8B /* Release */,
			);
			defaultConfigurationIsVisible = 0;
			defaultConfigurationName = Release;
		};
		29B503A62C2DA38A000A53A9 /* Build configuration list for PBXNativeTarget "NovaBlendSalonCacheIntegrationTests" */ = {
			isa = XCConfigurationList;
			buildConfigurations = (
				29B503A42C2DA38A000A53A9 /* Debug */,
				29B503A52C2DA38A000A53A9 /* Release */,
			);
			defaultConfigurationIsVisible = 0;
			defaultConfigurationName = Release;
		};
		29B503DD2C370054000A53A9 /* Build configuration list for PBXNativeTarget "NovaBlendSalonView" */ = {
			isa = XCConfigurationList;
			buildConfigurations = (
				29B503D92C370054000A53A9 /* Debug */,
				29B503DA2C370054000A53A9 /* Release */,
			);
			defaultConfigurationIsVisible = 0;
			defaultConfigurationName = Release;
		};
		29B503DE2C370054000A53A9 /* Build configuration list for PBXNativeTarget "NovaBlendSalonViewTests" */ = {
			isa = XCConfigurationList;
			buildConfigurations = (
				29B503DB2C370054000A53A9 /* Debug */,
				29B503DC2C370054000A53A9 /* Release */,
			);
			defaultConfigurationIsVisible = 0;
			defaultConfigurationName = Release;
		};
		29BDDD982B5C016F0026D484 /* Build configuration list for PBXProject "NovaBlendSalon" */ = {
			isa = XCConfigurationList;
			buildConfigurations = (
				29BDDDAE2B5C016F0026D484 /* Debug */,
				29BDDDAF2B5C016F0026D484 /* Release */,
			);
			defaultConfigurationIsVisible = 0;
			defaultConfigurationName = Release;
		};
		29BDDDB02B5C016F0026D484 /* Build configuration list for PBXNativeTarget "NovaBlendSalon" */ = {
			isa = XCConfigurationList;
			buildConfigurations = (
				29BDDDB12B5C016F0026D484 /* Debug */,
				29BDDDB22B5C016F0026D484 /* Release */,
			);
			defaultConfigurationIsVisible = 0;
			defaultConfigurationName = Release;
		};
		29BDDDB32B5C016F0026D484 /* Build configuration list for PBXNativeTarget "NovaBlendSalonTests" */ = {
			isa = XCConfigurationList;
			buildConfigurations = (
				29BDDDB42B5C016F0026D484 /* Debug */,
				29BDDDB52B5C016F0026D484 /* Release */,
			);
			defaultConfigurationIsVisible = 0;
			defaultConfigurationName = Release;
		};
/* End XCConfigurationList section */
	};
	rootObject = 29BDDD952B5C016F0026D484 /* Project object */;
}
