// !$*UTF8*$!
{
	archiveVersion = 1;
	classes = {
	};
	objectVersion = 56;
	objects = {

/* Begin PBXBuildFile section */
		293CE1052C4A99AE003FA8C0 /* NovaBlendApp.swift in Sources */ = {isa = PBXBuildFile; fileRef = 293CE1042C4A99AE003FA8C0 /* NovaBlendApp.swift */; };
		293CE1072C4A99AE003FA8C0 /* ContentView.swift in Sources */ = {isa = PBXBuildFile; fileRef = 293CE1062C4A99AE003FA8C0 /* ContentView.swift */; };
		293CE1092C4A99AF003FA8C0 /* Assets.xcassets in Resources */ = {isa = PBXBuildFile; fileRef = 293CE1082C4A99AF003FA8C0 /* Assets.xcassets */; };
		293CE10C2C4A99AF003FA8C0 /* Preview Assets.xcassets in Resources */ = {isa = PBXBuildFile; fileRef = 293CE10B2C4A99AF003FA8C0 /* Preview Assets.xcassets */; };
		293CE1152C4A9DE7003FA8C0 /* NovaBlendSalon.framework in Frameworks */ = {isa = PBXBuildFile; fileRef = 293CE1132C4A9DE7003FA8C0 /* NovaBlendSalon.framework */; };
		293CE1162C4A9DE7003FA8C0 /* NovaBlendSalon.framework in Embed Frameworks */ = {isa = PBXBuildFile; fileRef = 293CE1132C4A9DE7003FA8C0 /* NovaBlendSalon.framework */; settings = {ATTRIBUTES = (CodeSignOnCopy, RemoveHeadersOnCopy, ); }; };
		293CE1172C4A9DE7003FA8C0 /* NovaBlendSalonView.framework in Frameworks */ = {isa = PBXBuildFile; fileRef = 293CE1142C4A9DE7003FA8C0 /* NovaBlendSalonView.framework */; };
		293CE1182C4A9DE7003FA8C0 /* NovaBlendSalonView.framework in Embed Frameworks */ = {isa = PBXBuildFile; fileRef = 293CE1142C4A9DE7003FA8C0 /* NovaBlendSalonView.framework */; settings = {ATTRIBUTES = (CodeSignOnCopy, RemoveHeadersOnCopy, ); }; };
		2992AE732C4E942500ED8DB8 /* NovaBlendAppTests.swift in Sources */ = {isa = PBXBuildFile; fileRef = 2992AE722C4E942500ED8DB8 /* NovaBlendAppTests.swift */; };
/* End PBXBuildFile section */

/* Begin PBXContainerItemProxy section */
		2992AE742C4E942500ED8DB8 /* PBXContainerItemProxy */ = {
			isa = PBXContainerItemProxy;
			containerPortal = 293CE0F92C4A99AE003FA8C0 /* Project object */;
			proxyType = 1;
			remoteGlobalIDString = 293CE1002C4A99AE003FA8C0;
			remoteInfo = NovaBlendApp;
		};
/* End PBXContainerItemProxy section */

/* Begin PBXCopyFilesBuildPhase section */
		293CE1192C4A9DE7003FA8C0 /* Embed Frameworks */ = {
			isa = PBXCopyFilesBuildPhase;
			buildActionMask = 2147483647;
			dstPath = "";
			dstSubfolderSpec = 10;
			files = (
				293CE1162C4A9DE7003FA8C0 /* NovaBlendSalon.framework in Embed Frameworks */,
				293CE1182C4A9DE7003FA8C0 /* NovaBlendSalonView.framework in Embed Frameworks */,
			);
			name = "Embed Frameworks";
			runOnlyForDeploymentPostprocessing = 0;
		};
/* End PBXCopyFilesBuildPhase section */

/* Begin PBXFileReference section */
		293CE1012C4A99AE003FA8C0 /* NovaBlendApp.app */ = {isa = PBXFileReference; explicitFileType = wrapper.application; includeInIndex = 0; path = NovaBlendApp.app; sourceTree = BUILT_PRODUCTS_DIR; };
		293CE1042C4A99AE003FA8C0 /* NovaBlendApp.swift */ = {isa = PBXFileReference; lastKnownFileType = sourcecode.swift; path = NovaBlendApp.swift; sourceTree = "<group>"; };
		293CE1062C4A99AE003FA8C0 /* ContentView.swift */ = {isa = PBXFileReference; lastKnownFileType = sourcecode.swift; path = ContentView.swift; sourceTree = "<group>"; };
		293CE1082C4A99AF003FA8C0 /* Assets.xcassets */ = {isa = PBXFileReference; lastKnownFileType = folder.assetcatalog; path = Assets.xcassets; sourceTree = "<group>"; };
		293CE10B2C4A99AF003FA8C0 /* Preview Assets.xcassets */ = {isa = PBXFileReference; lastKnownFileType = folder.assetcatalog; path = "Preview Assets.xcassets"; sourceTree = "<group>"; };
		293CE1132C4A9DE7003FA8C0 /* NovaBlendSalon.framework */ = {isa = PBXFileReference; explicitFileType = wrapper.framework; path = NovaBlendSalon.framework; sourceTree = BUILT_PRODUCTS_DIR; };
		293CE1142C4A9DE7003FA8C0 /* NovaBlendSalonView.framework */ = {isa = PBXFileReference; explicitFileType = wrapper.framework; path = NovaBlendSalonView.framework; sourceTree = BUILT_PRODUCTS_DIR; };
		2992AE702C4E942500ED8DB8 /* NovaBlendAppTests.xctest */ = {isa = PBXFileReference; explicitFileType = wrapper.cfbundle; includeInIndex = 0; path = NovaBlendAppTests.xctest; sourceTree = BUILT_PRODUCTS_DIR; };
		2992AE722C4E942500ED8DB8 /* NovaBlendAppTests.swift */ = {isa = PBXFileReference; lastKnownFileType = sourcecode.swift; path = NovaBlendAppTests.swift; sourceTree = "<group>"; };
/* End PBXFileReference section */

/* Begin PBXFrameworksBuildPhase section */
		293CE0FE2C4A99AE003FA8C0 /* Frameworks */ = {
			isa = PBXFrameworksBuildPhase;
			buildActionMask = 2147483647;
			files = (
				293CE1152C4A9DE7003FA8C0 /* NovaBlendSalon.framework in Frameworks */,
				293CE1172C4A9DE7003FA8C0 /* NovaBlendSalonView.framework in Frameworks */,
			);
			runOnlyForDeploymentPostprocessing = 0;
		};
		2992AE6D2C4E942500ED8DB8 /* Frameworks */ = {
			isa = PBXFrameworksBuildPhase;
			buildActionMask = 2147483647;
			files = (
			);
			runOnlyForDeploymentPostprocessing = 0;
		};
/* End PBXFrameworksBuildPhase section */

/* Begin PBXGroup section */
		293CE0F82C4A99AE003FA8C0 = {
			isa = PBXGroup;
			children = (
				293CE1032C4A99AE003FA8C0 /* NovaBlendApp */,
				2992AE712C4E942500ED8DB8 /* NovaBlendAppTests */,
				293CE1022C4A99AE003FA8C0 /* Products */,
				293CE1122C4A9DE7003FA8C0 /* Frameworks */,
			);
			sourceTree = "<group>";
		};
		293CE1022C4A99AE003FA8C0 /* Products */ = {
			isa = PBXGroup;
			children = (
				293CE1012C4A99AE003FA8C0 /* NovaBlendApp.app */,
				2992AE702C4E942500ED8DB8 /* NovaBlendAppTests.xctest */,
			);
			name = Products;
			sourceTree = "<group>";
		};
		293CE1032C4A99AE003FA8C0 /* NovaBlendApp */ = {
			isa = PBXGroup;
			children = (
				293CE1042C4A99AE003FA8C0 /* NovaBlendApp.swift */,
				293CE1062C4A99AE003FA8C0 /* ContentView.swift */,
				293CE1082C4A99AF003FA8C0 /* Assets.xcassets */,
				293CE10A2C4A99AF003FA8C0 /* Preview Content */,
			);
			path = NovaBlendApp;
			sourceTree = "<group>";
		};
		293CE10A2C4A99AF003FA8C0 /* Preview Content */ = {
			isa = PBXGroup;
			children = (
				293CE10B2C4A99AF003FA8C0 /* Preview Assets.xcassets */,
			);
			path = "Preview Content";
			sourceTree = "<group>";
		};
		293CE1122C4A9DE7003FA8C0 /* Frameworks */ = {
			isa = PBXGroup;
			children = (
				293CE1132C4A9DE7003FA8C0 /* NovaBlendSalon.framework */,
				293CE1142C4A9DE7003FA8C0 /* NovaBlendSalonView.framework */,
			);
			name = Frameworks;
			sourceTree = "<group>";
		};
		2992AE712C4E942500ED8DB8 /* NovaBlendAppTests */ = {
			isa = PBXGroup;
			children = (
				2992AE722C4E942500ED8DB8 /* NovaBlendAppTests.swift */,
			);
			path = NovaBlendAppTests;
			sourceTree = "<group>";
		};
/* End PBXGroup section */

/* Begin PBXNativeTarget section */
		293CE1002C4A99AE003FA8C0 /* NovaBlendApp */ = {
			isa = PBXNativeTarget;
			buildConfigurationList = 293CE10F2C4A99AF003FA8C0 /* Build configuration list for PBXNativeTarget "NovaBlendApp" */;
			buildPhases = (
				293CE0FD2C4A99AE003FA8C0 /* Sources */,
				293CE0FE2C4A99AE003FA8C0 /* Frameworks */,
				293CE0FF2C4A99AE003FA8C0 /* Resources */,
				293CE1192C4A9DE7003FA8C0 /* Embed Frameworks */,
			);
			buildRules = (
			);
			dependencies = (
			);
			name = NovaBlendApp;
			productName = NovaBlendApp;
			productReference = 293CE1012C4A99AE003FA8C0 /* NovaBlendApp.app */;
			productType = "com.apple.product-type.application";
		};
		2992AE6F2C4E942500ED8DB8 /* NovaBlendAppTests */ = {
			isa = PBXNativeTarget;
			buildConfigurationList = 2992AE762C4E942500ED8DB8 /* Build configuration list for PBXNativeTarget "NovaBlendAppTests" */;
			buildPhases = (
				2992AE6C2C4E942500ED8DB8 /* Sources */,
				2992AE6D2C4E942500ED8DB8 /* Frameworks */,
				2992AE6E2C4E942500ED8DB8 /* Resources */,
			);
			buildRules = (
			);
			dependencies = (
				2992AE752C4E942500ED8DB8 /* PBXTargetDependency */,
			);
			name = NovaBlendAppTests;
			productName = NovaBlendAppTests;
			productReference = 2992AE702C4E942500ED8DB8 /* NovaBlendAppTests.xctest */;
			productType = "com.apple.product-type.bundle.unit-test";
		};
/* End PBXNativeTarget section */

/* Begin PBXProject section */
		293CE0F92C4A99AE003FA8C0 /* Project object */ = {
			isa = PBXProject;
			attributes = {
				BuildIndependentTargetsInParallel = 1;
				LastSwiftUpdateCheck = 1540;
				LastUpgradeCheck = 1540;
				TargetAttributes = {
					293CE1002C4A99AE003FA8C0 = {
						CreatedOnToolsVersion = 15.4;
					};
					2992AE6F2C4E942500ED8DB8 = {
						CreatedOnToolsVersion = 15.4;
						TestTargetID = 293CE1002C4A99AE003FA8C0;
					};
				};
			};
			buildConfigurationList = 293CE0FC2C4A99AE003FA8C0 /* Build configuration list for PBXProject "NovaBlendApp" */;
			compatibilityVersion = "Xcode 14.0";
			developmentRegion = en;
			hasScannedForEncodings = 0;
			knownRegions = (
				en,
				Base,
			);
			mainGroup = 293CE0F82C4A99AE003FA8C0;
			productRefGroup = 293CE1022C4A99AE003FA8C0 /* Products */;
			projectDirPath = "";
			projectRoot = "";
			targets = (
				293CE1002C4A99AE003FA8C0 /* NovaBlendApp */,
				2992AE6F2C4E942500ED8DB8 /* NovaBlendAppTests */,
			);
		};
/* End PBXProject section */

/* Begin PBXResourcesBuildPhase section */
		293CE0FF2C4A99AE003FA8C0 /* Resources */ = {
			isa = PBXResourcesBuildPhase;
			buildActionMask = 2147483647;
			files = (
				293CE10C2C4A99AF003FA8C0 /* Preview Assets.xcassets in Resources */,
				293CE1092C4A99AF003FA8C0 /* Assets.xcassets in Resources */,
			);
			runOnlyForDeploymentPostprocessing = 0;
		};
		2992AE6E2C4E942500ED8DB8 /* Resources */ = {
			isa = PBXResourcesBuildPhase;
			buildActionMask = 2147483647;
			files = (
			);
			runOnlyForDeploymentPostprocessing = 0;
		};
/* End PBXResourcesBuildPhase section */

/* Begin PBXSourcesBuildPhase section */
		293CE0FD2C4A99AE003FA8C0 /* Sources */ = {
			isa = PBXSourcesBuildPhase;
			buildActionMask = 2147483647;
			files = (
				293CE1072C4A99AE003FA8C0 /* ContentView.swift in Sources */,
				293CE1052C4A99AE003FA8C0 /* NovaBlendApp.swift in Sources */,
			);
			runOnlyForDeploymentPostprocessing = 0;
		};
		2992AE6C2C4E942500ED8DB8 /* Sources */ = {
			isa = PBXSourcesBuildPhase;
			buildActionMask = 2147483647;
			files = (
				2992AE732C4E942500ED8DB8 /* NovaBlendAppTests.swift in Sources */,
			);
			runOnlyForDeploymentPostprocessing = 0;
		};
/* End PBXSourcesBuildPhase section */

/* Begin PBXTargetDependency section */
		2992AE752C4E942500ED8DB8 /* PBXTargetDependency */ = {
			isa = PBXTargetDependency;
			target = 293CE1002C4A99AE003FA8C0 /* NovaBlendApp */;
			targetProxy = 2992AE742C4E942500ED8DB8 /* PBXContainerItemProxy */;
		};
/* End PBXTargetDependency section */

/* Begin XCBuildConfiguration section */
		293CE10D2C4A99AF003FA8C0 /* Debug */ = {
			isa = XCBuildConfiguration;
			buildSettings = {
				ALWAYS_SEARCH_USER_PATHS = NO;
				ASSETCATALOG_COMPILER_GENERATE_SWIFT_ASSET_SYMBOL_EXTENSIONS = YES;
				CLANG_ANALYZER_NONNULL = YES;
				CLANG_ANALYZER_NUMBER_OBJECT_CONVERSION = YES_AGGRESSIVE;
				CLANG_CXX_LANGUAGE_STANDARD = "gnu++20";
				CLANG_ENABLE_MODULES = YES;
				CLANG_ENABLE_OBJC_ARC = YES;
				CLANG_ENABLE_OBJC_WEAK = YES;
				CLANG_WARN_BLOCK_CAPTURE_AUTORELEASING = YES;
				CLANG_WARN_BOOL_CONVERSION = YES;
				CLANG_WARN_COMMA = YES;
				CLANG_WARN_CONSTANT_CONVERSION = YES;
				CLANG_WARN_DEPRECATED_OBJC_IMPLEMENTATIONS = YES;
				CLANG_WARN_DIRECT_OBJC_ISA_USAGE = YES_ERROR;
				CLANG_WARN_DOCUMENTATION_COMMENTS = YES;
				CLANG_WARN_EMPTY_BODY = YES;
				CLANG_WARN_ENUM_CONVERSION = YES;
				CLANG_WARN_INFINITE_RECURSION = YES;
				CLANG_WARN_INT_CONVERSION = YES;
				CLANG_WARN_NON_LITERAL_NULL_CONVERSION = YES;
				CLANG_WARN_OBJC_IMPLICIT_RETAIN_SELF = YES;
				CLANG_WARN_OBJC_LITERAL_CONVERSION = YES;
				CLANG_WARN_OBJC_ROOT_CLASS = YES_ERROR;
				CLANG_WARN_QUOTED_INCLUDE_IN_FRAMEWORK_HEADER = YES;
				CLANG_WARN_RANGE_LOOP_ANALYSIS = YES;
				CLANG_WARN_STRICT_PROTOTYPES = YES;
				CLANG_WARN_SUSPICIOUS_MOVE = YES;
				CLANG_WARN_UNGUARDED_AVAILABILITY = YES_AGGRESSIVE;
				CLANG_WARN_UNREACHABLE_CODE = YES;
				CLANG_WARN__DUPLICATE_METHOD_MATCH = YES;
				COPY_PHASE_STRIP = NO;
				DEBUG_INFORMATION_FORMAT = dwarf;
				ENABLE_STRICT_OBJC_MSGSEND = YES;
				ENABLE_TESTABILITY = YES;
				ENABLE_USER_SCRIPT_SANDBOXING = YES;
				GCC_C_LANGUAGE_STANDARD = gnu17;
				GCC_DYNAMIC_NO_PIC = NO;
				GCC_NO_COMMON_BLOCKS = YES;
				GCC_OPTIMIZATION_LEVEL = 0;
				GCC_PREPROCESSOR_DEFINITIONS = (
					"DEBUG=1",
					"$(inherited)",
				);
				GCC_WARN_64_TO_32_BIT_CONVERSION = YES;
				GCC_WARN_ABOUT_RETURN_TYPE = YES_ERROR;
				GCC_WARN_UNDECLARED_SELECTOR = YES;
				GCC_WARN_UNINITIALIZED_AUTOS = YES_AGGRESSIVE;
				GCC_WARN_UNUSED_FUNCTION = YES;
				GCC_WARN_UNUSED_VARIABLE = YES;
				IPHONEOS_DEPLOYMENT_TARGET = 17.5;
				LOCALIZATION_PREFERS_STRING_CATALOGS = YES;
				MTL_ENABLE_DEBUG_INFO = INCLUDE_SOURCE;
				MTL_FAST_MATH = YES;
				ONLY_ACTIVE_ARCH = YES;
				SDKROOT = iphoneos;
				SWIFT_ACTIVE_COMPILATION_CONDITIONS = "DEBUG $(inherited)";
				SWIFT_OPTIMIZATION_LEVEL = "-Onone";
			};
			name = Debug;
		};
		293CE10E2C4A99AF003FA8C0 /* Release */ = {
			isa = XCBuildConfiguration;
			buildSettings = {
				ALWAYS_SEARCH_USER_PATHS = NO;
				ASSETCATALOG_COMPILER_GENERATE_SWIFT_ASSET_SYMBOL_EXTENSIONS = YES;
				CLANG_ANALYZER_NONNULL = YES;
				CLANG_ANALYZER_NUMBER_OBJECT_CONVERSION = YES_AGGRESSIVE;
				CLANG_CXX_LANGUAGE_STANDARD = "gnu++20";
				CLANG_ENABLE_MODULES = YES;
				CLANG_ENABLE_OBJC_ARC = YES;
				CLANG_ENABLE_OBJC_WEAK = YES;
				CLANG_WARN_BLOCK_CAPTURE_AUTORELEASING = YES;
				CLANG_WARN_BOOL_CONVERSION = YES;
				CLANG_WARN_COMMA = YES;
				CLANG_WARN_CONSTANT_CONVERSION = YES;
				CLANG_WARN_DEPRECATED_OBJC_IMPLEMENTATIONS = YES;
				CLANG_WARN_DIRECT_OBJC_ISA_USAGE = YES_ERROR;
				CLANG_WARN_DOCUMENTATION_COMMENTS = YES;
				CLANG_WARN_EMPTY_BODY = YES;
				CLANG_WARN_ENUM_CONVERSION = YES;
				CLANG_WARN_INFINITE_RECURSION = YES;
				CLANG_WARN_INT_CONVERSION = YES;
				CLANG_WARN_NON_LITERAL_NULL_CONVERSION = YES;
				CLANG_WARN_OBJC_IMPLICIT_RETAIN_SELF = YES;
				CLANG_WARN_OBJC_LITERAL_CONVERSION = YES;
				CLANG_WARN_OBJC_ROOT_CLASS = YES_ERROR;
				CLANG_WARN_QUOTED_INCLUDE_IN_FRAMEWORK_HEADER = YES;
				CLANG_WARN_RANGE_LOOP_ANALYSIS = YES;
				CLANG_WARN_STRICT_PROTOTYPES = YES;
				CLANG_WARN_SUSPICIOUS_MOVE = YES;
				CLANG_WARN_UNGUARDED_AVAILABILITY = YES_AGGRESSIVE;
				CLANG_WARN_UNREACHABLE_CODE = YES;
				CLANG_WARN__DUPLICATE_METHOD_MATCH = YES;
				COPY_PHASE_STRIP = NO;
				DEBUG_INFORMATION_FORMAT = "dwarf-with-dsym";
				ENABLE_NS_ASSERTIONS = NO;
				ENABLE_STRICT_OBJC_MSGSEND = YES;
				ENABLE_USER_SCRIPT_SANDBOXING = YES;
				GCC_C_LANGUAGE_STANDARD = gnu17;
				GCC_NO_COMMON_BLOCKS = YES;
				GCC_WARN_64_TO_32_BIT_CONVERSION = YES;
				GCC_WARN_ABOUT_RETURN_TYPE = YES_ERROR;
				GCC_WARN_UNDECLARED_SELECTOR = YES;
				GCC_WARN_UNINITIALIZED_AUTOS = YES_AGGRESSIVE;
				GCC_WARN_UNUSED_FUNCTION = YES;
				GCC_WARN_UNUSED_VARIABLE = YES;
				IPHONEOS_DEPLOYMENT_TARGET = 17.5;
				LOCALIZATION_PREFERS_STRING_CATALOGS = YES;
				MTL_ENABLE_DEBUG_INFO = NO;
				MTL_FAST_MATH = YES;
				SDKROOT = iphoneos;
				SWIFT_COMPILATION_MODE = wholemodule;
				VALIDATE_PRODUCT = YES;
			};
			name = Release;
		};
		293CE1102C4A99AF003FA8C0 /* Debug */ = {
			isa = XCBuildConfiguration;
			buildSettings = {
				ASSETCATALOG_COMPILER_APPICON_NAME = AppIcon;
				ASSETCATALOG_COMPILER_GLOBAL_ACCENT_COLOR_NAME = AccentColor;
				CODE_SIGN_STYLE = Automatic;
				CURRENT_PROJECT_VERSION = 1;
				DEVELOPMENT_ASSET_PATHS = "\"NovaBlendApp/Preview Content\"";
				ENABLE_PREVIEWS = YES;
				GENERATE_INFOPLIST_FILE = YES;
				INFOPLIST_KEY_UIApplicationSceneManifest_Generation = YES;
				INFOPLIST_KEY_UIApplicationSupportsIndirectInputEvents = YES;
				INFOPLIST_KEY_UILaunchScreen_Generation = YES;
				INFOPLIST_KEY_UISupportedInterfaceOrientations_iPad = "UIInterfaceOrientationPortrait UIInterfaceOrientationPortraitUpsideDown UIInterfaceOrientationLandscapeLeft UIInterfaceOrientationLandscapeRight";
				INFOPLIST_KEY_UISupportedInterfaceOrientations_iPhone = "UIInterfaceOrientationPortrait UIInterfaceOrientationLandscapeLeft UIInterfaceOrientationLandscapeRight";
				LD_RUNPATH_SEARCH_PATHS = (
					"$(inherited)",
					"@executable_path/Frameworks",
				);
				MARKETING_VERSION = 1.0;
				PRODUCT_BUNDLE_IDENTIFIER = com.musdevpro.NovaBlendApp;
				PRODUCT_NAME = "$(TARGET_NAME)";
				SWIFT_EMIT_LOC_STRINGS = YES;
				SWIFT_VERSION = 5.0;
				TARGETED_DEVICE_FAMILY = "1,2";
			};
			name = Debug;
		};
		293CE1112C4A99AF003FA8C0 /* Release */ = {
			isa = XCBuildConfiguration;
			buildSettings = {
				ASSETCATALOG_COMPILER_APPICON_NAME = AppIcon;
				ASSETCATALOG_COMPILER_GLOBAL_ACCENT_COLOR_NAME = AccentColor;
				CODE_SIGN_STYLE = Automatic;
				CURRENT_PROJECT_VERSION = 1;
				DEVELOPMENT_ASSET_PATHS = "\"NovaBlendApp/Preview Content\"";
				ENABLE_PREVIEWS = YES;
				GENERATE_INFOPLIST_FILE = YES;
				INFOPLIST_KEY_UIApplicationSceneManifest_Generation = YES;
				INFOPLIST_KEY_UIApplicationSupportsIndirectInputEvents = YES;
				INFOPLIST_KEY_UILaunchScreen_Generation = YES;
				INFOPLIST_KEY_UISupportedInterfaceOrientations_iPad = "UIInterfaceOrientationPortrait UIInterfaceOrientationPortraitUpsideDown UIInterfaceOrientationLandscapeLeft UIInterfaceOrientationLandscapeRight";
				INFOPLIST_KEY_UISupportedInterfaceOrientations_iPhone = "UIInterfaceOrientationPortrait UIInterfaceOrientationLandscapeLeft UIInterfaceOrientationLandscapeRight";
				LD_RUNPATH_SEARCH_PATHS = (
					"$(inherited)",
					"@executable_path/Frameworks",
				);
				MARKETING_VERSION = 1.0;
				PRODUCT_BUNDLE_IDENTIFIER = com.musdevpro.NovaBlendApp;
				PRODUCT_NAME = "$(TARGET_NAME)";
				SWIFT_EMIT_LOC_STRINGS = YES;
				SWIFT_VERSION = 5.0;
				TARGETED_DEVICE_FAMILY = "1,2";
			};
			name = Release;
		};
		2992AE772C4E942500ED8DB8 /* Debug */ = {
			isa = XCBuildConfiguration;
			buildSettings = {
				BUNDLE_LOADER = "$(TEST_HOST)";
				CODE_SIGN_STYLE = Automatic;
				CURRENT_PROJECT_VERSION = 1;
				GENERATE_INFOPLIST_FILE = YES;
				MARKETING_VERSION = 1.0;
				PRODUCT_BUNDLE_IDENTIFIER = com.musdevpro.NovaBlendAppTests;
				PRODUCT_NAME = "$(TARGET_NAME)";
				SWIFT_EMIT_LOC_STRINGS = NO;
				SWIFT_VERSION = 5.0;
				TARGETED_DEVICE_FAMILY = "1,2";
				TEST_HOST = "$(BUILT_PRODUCTS_DIR)/NovaBlendApp.app/$(BUNDLE_EXECUTABLE_FOLDER_PATH)/NovaBlendApp";
			};
			name = Debug;
		};
		2992AE782C4E942500ED8DB8 /* Release */ = {
			isa = XCBuildConfiguration;
			buildSettings = {
				BUNDLE_LOADER = "$(TEST_HOST)";
				CODE_SIGN_STYLE = Automatic;
				CURRENT_PROJECT_VERSION = 1;
				GENERATE_INFOPLIST_FILE = YES;
				MARKETING_VERSION = 1.0;
				PRODUCT_BUNDLE_IDENTIFIER = com.musdevpro.NovaBlendAppTests;
				PRODUCT_NAME = "$(TARGET_NAME)";
				SWIFT_EMIT_LOC_STRINGS = NO;
				SWIFT_VERSION = 5.0;
				TARGETED_DEVICE_FAMILY = "1,2";
				TEST_HOST = "$(BUILT_PRODUCTS_DIR)/NovaBlendApp.app/$(BUNDLE_EXECUTABLE_FOLDER_PATH)/NovaBlendApp";
			};
			name = Release;
		};
/* End XCBuildConfiguration section */

/* Begin XCConfigurationList section */
		293CE0FC2C4A99AE003FA8C0 /* Build configuration list for PBXProject "NovaBlendApp" */ = {
			isa = XCConfigurationList;
			buildConfigurations = (
				293CE10D2C4A99AF003FA8C0 /* Debug */,
				293CE10E2C4A99AF003FA8C0 /* Release */,
			);
			defaultConfigurationIsVisible = 0;
			defaultConfigurationName = Release;
		};
		293CE10F2C4A99AF003FA8C0 /* Build configuration list for PBXNativeTarget "NovaBlendApp" */ = {
			isa = XCConfigurationList;
			buildConfigurations = (
				293CE1102C4A99AF003FA8C0 /* Debug */,
				293CE1112C4A99AF003FA8C0 /* Release */,
			);
			defaultConfigurationIsVisible = 0;
			defaultConfigurationName = Release;
		};
		2992AE762C4E942500ED8DB8 /* Build configuration list for PBXNativeTarget "NovaBlendAppTests" */ = {
			isa = XCConfigurationList;
			buildConfigurations = (
				2992AE772C4E942500ED8DB8 /* Debug */,
				2992AE782C4E942500ED8DB8 /* Release */,
			);
			defaultConfigurationIsVisible = 0;
			defaultConfigurationName = Release;
		};
/* End XCConfigurationList section */
	};
	rootObject = 293CE0F92C4A99AE003FA8C0 /* Project object */;
}
